// !$*UTF8*$!
{
	archiveVersion = 1;
	classes = {
	};
	objectVersion = 46;
	objects = {

/* Begin PBXBuildFile section */
		09F7602F1B62411000BE5FDD /* main.m in Sources */ = {isa = PBXBuildFile; fileRef = 09F7602E1B62411000BE5FDD /* main.m */; };
		09F760371B6248A700BE5FDD /* TestString.m in Sources */ = {isa = PBXBuildFile; fileRef = 09F760361B6248A700BE5FDD /* TestString.m */; };
/* End PBXBuildFile section */

/* Begin PBXCopyFilesBuildPhase section */
		09F760291B62411000BE5FDD /* CopyFiles */ = {
			isa = PBXCopyFilesBuildPhase;
			buildActionMask = 2147483647;
			dstPath = /usr/share/man/man1/;
			dstSubfolderSpec = 0;
			files = (
			);
			runOnlyForDeploymentPostprocessing = 1;
		};
/* End PBXCopyFilesBuildPhase section */

/* Begin PBXFileReference section */
		09F7602B1B62411000BE5FDD /* NSStringTest2 */ = {isa = PBXFileReference; explicitFileType = "compiled.mach-o.executable"; includeInIndex = 0; path = NSStringTest2; sourceTree = BUILT_PRODUCTS_DIR; };
		09F7602E1B62411000BE5FDD /* main.m */ = {isa = PBXFileReference; lastKnownFileType = sourcecode.c.objc; path = main.m; sourceTree = "<group>"; };
		09F760351B6248A700BE5FDD /* TestString.h */ = {isa = PBXFileReference; fileEncoding = 4; lastKnownFileType = sourcecode.c.h; path = TestString.h; sourceTree = "<group>"; };
		09F760361B6248A700BE5FDD /* TestString.m */ = {isa = PBXFileReference; fileEncoding = 4; lastKnownFileType = sourcecode.c.objc; path = TestString.m; sourceTree = "<group>"; };
/* End PBXFileReference section */

/* Begin PBXFrameworksBuildPhase section */
		09F760281B62411000BE5FDD /* Frameworks */ = {
			isa = PBXFrameworksBuildPhase;
			buildActionMask = 2147483647;
			files = (
			);
			runOnlyForDeploymentPostprocessing = 0;
		};
/* End PBXFrameworksBuildPhase section */

/* Begin PBXGroup section */
		09F760221B62411000BE5FDD = {
			isa = PBXGroup;
			children = (
				09F7602D1B62411000BE5FDD /* NSStringTest2 */,
				09F7602C1B62411000BE5FDD /* Products */,
			);
			sourceTree = "<group>";
		};
		09F7602C1B62411000BE5FDD /* Products */ = {
			isa = PBXGroup;
			children = (
				09F7602B1B62411000BE5FDD /* NSStringTest2 */,
			);
			name = Products;
			sourceTree = "<group>";
		};
		09F7602D1B62411000BE5FDD /* NSStringTest2 */ = {
			isa = PBXGroup;
			children = (
				09F7602E1B62411000BE5FDD /* main.m */,
				09F760351B6248A700BE5FDD /* TestString.h */,
				09F760361B6248A700BE5FDD /* TestString.m */,
			);
			path = NSStringTest2;
			sourceTree = "<group>";
		};
/* End PBXGroup section */

/* Begin PBXNativeTarget section */
		09F7602A1B62411000BE5FDD /* NSStringTest2 */ = {
			isa = PBXNativeTarget;
			buildConfigurationList = 09F760321B62411000BE5FDD /* Build configuration list for PBXNativeTarget "NSStringTest2" */;
			buildPhases = (
				09F760271B62411000BE5FDD /* Sources */,
				09F760281B62411000BE5FDD /* Frameworks */,
				09F760291B62411000BE5FDD /* CopyFiles */,
			);
			buildRules = (
			);
			dependencies = (
			);
			name = NSStringTest2;
			productName = NSStringTest2;
			productReference = 09F7602B1B62411000BE5FDD /* NSStringTest2 */;
			productType = "com.apple.product-type.tool";
		};
/* End PBXNativeTarget section */

/* Begin PBXProject section */
		09F760231B62411000BE5FDD /* Project object */ = {
			isa = PBXProject;
			attributes = {
				LastUpgradeCheck = 0640;
				ORGANIZATIONNAME = Dex.XU;
				TargetAttributes = {
					09F7602A1B62411000BE5FDD = {
						CreatedOnToolsVersion = 6.4;
					};
				};
			};
			buildConfigurationList = 09F760261B62411000BE5FDD /* Build configuration list for PBXProject "NSStringTest2" */;
			compatibilityVersion = "Xcode 3.2";
			developmentRegion = English;
			hasScannedForEncodings = 0;
			knownRegions = (
				en,
			);
			mainGroup = 09F760221B62411000BE5FDD;
			productRefGroup = 09F7602C1B62411000BE5FDD /* Products */;
			projectDirPath = "";
			projectRoot = "";
			targets = (
				09F7602A1B62411000BE5FDD /* NSStringTest2 */,
			);
		};
/* End PBXProject section */

/* Begin PBXSourcesBuildPhase section */
		09F760271B62411000BE5FDD /* Sources */ = {
			isa = PBXSourcesBuildPhase;
			buildActionMask = 2147483647;
			files = (
				09F760371B6248A700BE5FDD /* TestString.m in Sources */,
				09F7602F1B62411000BE5FDD /* main.m in Sources */,
			);
			runOnlyForDeploymentPostprocessing = 0;
		};
/* End PBXSourcesBuildPhase section */

/* Begin XCBuildConfiguration section */
		09F760301B62411000BE5FDD /* Debug */ = {
			isa = XCBuildConfiguration;
			buildSettings = {
				ALWAYS_SEARCH_USER_PATHS = NO;
				CLANG_CXX_LANGUAGE_STANDARD = "gnu++0x";
				CLANG_CXX_LIBRARY = "libc++";
				CLANG_ENABLE_MODULES = YES;
				CLANG_ENABLE_OBJC_ARC = YES;
				CLANG_WARN_BOOL_CONVERSION = YES;
				CLANG_WARN_CONSTANT_CONVERSION = YES;
				CLANG_WARN_DIRECT_OBJC_ISA_USAGE = YES_ERROR;
				CLANG_WARN_EMPTY_BODY = YES;
				CLANG_WARN_ENUM_CONVERSION = YES;
				CLANG_WARN_INT_CONVERSION = YES;
				CLANG_WARN_OBJC_ROOT_CLASS = YES_ERROR;
				CLANG_WARN_UNREACHABLE_CODE = YES;
				CLANG_WARN__DUPLICATE_METHOD_MATCH = YES;
				COPY_PHASE_STRIP = NO;
				DEBUG_INFORMATION_FORMAT = dwarf;
				ENABLE_STRICT_OBJC_MSGSEND = YES;
				GCC_C_LANGUAGE_STANDARD = gnu99;
				GCC_DYNAMIC_NO_PIC = NO;
				GCC_NO_COMMON_BLOCKS = YES;
				GCC_OPTIMIZATION_LEVEL = 0;
				GCC_PREPROCESSOR_DEFINITIONS = (
					"DEBUG=1",
					"$(inherited)",
				);
				GCC_SYMBOLS_PRIVATE_EXTERN = NO;
				GCC_WARN_64_TO_32_BIT_CONVERSION = YES;
				GCC_WARN_ABOUT_RETURN_TYPE = YES_ERROR;
				GCC_WARN_UNDECLARED_SELECTOR = YES;
				GCC_WARN_UNINITIALIZED_AUTOS = YES_AGGRESSIVE;
				GCC_WARN_UNUSED_FUNCTION = YES;
				GCC_WARN_UNUSED_VARIABLE = YES;
				MACOSX_DEPLOYMENT_TARGET = 10.10;
				MTL_ENABLE_DEBUG_INFO = YES;
				ONLY_ACTIVE_ARCH = YES;
				SDKROOT = macosx;
			};
			name = Debug;
		};
		09F760311B62411000BE5FDD /* Release */ = {
			isa = XCBuildConfiguration;
			buildSettings = {
				ALWAYS_SEARCH_USER_PATHS = NO;
				CLANG_CXX_LANGUAGE_STANDARD = "gnu++0x";
				CLANG_CXX_LIBRARY = "libc++";
				CLANG_ENABLE_MODULES = YES;
				CLANG_ENABLE_OBJC_ARC = YES;
				CLANG_WARN_BOOL_CONVERSION = YES;
				CLANG_WARN_CONSTANT_CONVERSION = YES;
				CLANG_WARN_DIRECT_OBJC_ISA_USAGE = YES_ERROR;
				CLANG_WARN_EMPTY_BODY = YES;
				CLANG_WARN_ENUM_CONVERSION = YES;
				CLANG_WARN_INT_CONVERSION = YES;
				CLANG_WARN_OBJC_ROOT_CLASS = YES_ERROR;
				CLANG_WARN_UNREACHABLE_CODE = YES;
				CLANG_WARN__DUPLICATE_METHOD_MATCH = YES;
				COPY_PHASE_STRIP = NO;
				DEBUG_INFORMATION_FORMAT = "dwarf-with-dsym";
				ENABLE_NS_ASSERTIONS = NO;
				ENABLE_STRICT_OBJC_MSGSEND = YES;
				GCC_C_LANGUAGE_STANDARD = gnu99;
				GCC_NO_COMMON_BLOCKS = YES;
				GCC_WARN_64_TO_32_BIT_CONVERSION = YES;
				GCC_WARN_ABOUT_RETURN_TYPE = YES_ERROR;
				GCC_WARN_UNDECLARED_SELECTOR = YES;
				GCC_WARN_UNINITIALIZED_AUTOS = YES_AGGRESSIVE;
				GCC_WARN_UNUSED_FUNCTION = YES;
				GCC_WARN_UNUSED_VARIABLE = YES;
				MACOSX_DEPLOYMENT_TARGET = 10.10;
				MTL_ENABLE_DEBUG_INFO = NO;
				SDKROOT = macosx;
			};
			name = Release;
		};
		09F760331B62411000BE5FDD /* Debug */ = {
			isa = XCBuildConfiguration;
			buildSettings = {
				PRODUCT_NAME = "$(TARGET_NAME)";
			};
			name = Debug;
		};
		09F760341B62411000BE5FDD /* Release */ = {
			isa = XCBuildConfiguration;
			buildSettings = {
				PRODUCT_NAME = "$(TARGET_NAME)";
			};
			name = Release;
		};
/* End XCBuildConfiguration section */

/* Begin XCConfigurationList section */
		09F760261B62411000BE5FDD /* Build configuration list for PBXProject "NSStringTest2" */ = {
			isa = XCConfigurationList;
			buildConfigurations = (
				09F760301B62411000BE5FDD /* Debug */,
				09F760311B62411000BE5FDD /* Release */,
			);
			defaultConfigurationIsVisible = 0;
			defaultConfigurationName = Release;
		};
		09F760321B62411000BE5FDD /* Build configuration list for PBXNativeTarget "NSStringTest2" */ = {
			isa = XCConfigurationList;
			buildConfigurations = (
				09F760331B62411000BE5FDD /* Debug */,
				09F760341B62411000BE5FDD /* Release */,
			);
			defaultConfigurationIsVisible = 0;
		};
/* End XCConfigurationList section */
	};
	rootObject = 09F760231B62411000BE5FDD /* Project object */;
}
