// !$*UTF8*$!
{
	archiveVersion = 1;
	classes = {
	};
	objectVersion = 46;
	objects = {

/* Begin PBXBuildFile section */
		09DF21471B9C2EDE00066A3D /* main.m in Sources */ = {isa = PBXBuildFile; fileRef = 09DF21461B9C2EDE00066A3D /* main.m */; };
		09DF214A1B9C2EDE00066A3D /* AppDelegate.m in Sources */ = {isa = PBXBuildFile; fileRef = 09DF21491B9C2EDE00066A3D /* AppDelegate.m */; };
		09DF214D1B9C2EDE00066A3D /* ViewController.m in Sources */ = {isa = PBXBuildFile; fileRef = 09DF214C1B9C2EDE00066A3D /* ViewController.m */; };
		09DF21501B9C2EDE00066A3D /* Main.storyboard in Resources */ = {isa = PBXBuildFile; fileRef = 09DF214E1B9C2EDE00066A3D /* Main.storyboard */; };
		09DF21521B9C2EDE00066A3D /* Images.xcassets in Resources */ = {isa = PBXBuildFile; fileRef = 09DF21511B9C2EDE00066A3D /* Images.xcassets */; };
		09DF21551B9C2EDE00066A3D /* LaunchScreen.xib in Resources */ = {isa = PBXBuildFile; fileRef = 09DF21531B9C2EDE00066A3D /* LaunchScreen.xib */; };
		09DF21611B9C2EDE00066A3D /* UI_______Tests.m in Sources */ = {isa = PBXBuildFile; fileRef = 09DF21601B9C2EDE00066A3D /* UI_______Tests.m */; };
		09DF216C1B9C30D900066A3D /* GameViewController.m in Sources */ = {isa = PBXBuildFile; fileRef = 09DF216B1B9C30D900066A3D /* GameViewController.m */; };
		09FEBFEC1B9D4FB6003222A6 /* AudioToolbox.framework in Frameworks */ = {isa = PBXBuildFile; fileRef = 09FEBFEB1B9D4FB6003222A6 /* AudioToolbox.framework */; };
		09FEBFEE1B9D5035003222A6 /* slap1.m4a in Resources */ = {isa = PBXBuildFile; fileRef = 09FEBFED1B9D5035003222A6 /* slap1.m4a */; };
/* End PBXBuildFile section */

/* Begin PBXContainerItemProxy section */
		09DF215B1B9C2EDE00066A3D /* PBXContainerItemProxy */ = {
			isa = PBXContainerItemProxy;
			containerPortal = 09DF21391B9C2EDE00066A3D /* Project object */;
			proxyType = 1;
			remoteGlobalIDString = 09DF21401B9C2EDE00066A3D;
			remoteInfo = "UI基础－舒尔特表";
		};
/* End PBXContainerItemProxy section */

/* Begin PBXFileReference section */
		09DF21411B9C2EDE00066A3D /* UI基础－舒尔特表.app */ = {isa = PBXFileReference; explicitFileType = wrapper.application; includeInIndex = 0; path = "UI基础－舒尔特表.app"; sourceTree = BUILT_PRODUCTS_DIR; };
		09DF21451B9C2EDE00066A3D /* Info.plist */ = {isa = PBXFileReference; lastKnownFileType = text.plist.xml; path = Info.plist; sourceTree = "<group>"; };
		09DF21461B9C2EDE00066A3D /* main.m */ = {isa = PBXFileReference; lastKnownFileType = sourcecode.c.objc; path = main.m; sourceTree = "<group>"; };
		09DF21481B9C2EDE00066A3D /* AppDelegate.h */ = {isa = PBXFileReference; lastKnownFileType = sourcecode.c.h; path = AppDelegate.h; sourceTree = "<group>"; };
		09DF21491B9C2EDE00066A3D /* AppDelegate.m */ = {isa = PBXFileReference; lastKnownFileType = sourcecode.c.objc; path = AppDelegate.m; sourceTree = "<group>"; };
		09DF214B1B9C2EDE00066A3D /* ViewController.h */ = {isa = PBXFileReference; lastKnownFileType = sourcecode.c.h; path = ViewController.h; sourceTree = "<group>"; };
		09DF214C1B9C2EDE00066A3D /* ViewController.m */ = {isa = PBXFileReference; lastKnownFileType = sourcecode.c.objc; path = ViewController.m; sourceTree = "<group>"; };
		09DF214F1B9C2EDE00066A3D /* Base */ = {isa = PBXFileReference; lastKnownFileType = file.storyboard; name = Base; path = Base.lproj/Main.storyboard; sourceTree = "<group>"; };
		09DF21511B9C2EDE00066A3D /* Images.xcassets */ = {isa = PBXFileReference; lastKnownFileType = folder.assetcatalog; path = Images.xcassets; sourceTree = "<group>"; };
		09DF21541B9C2EDE00066A3D /* Base */ = {isa = PBXFileReference; lastKnownFileType = file.xib; name = Base; path = Base.lproj/LaunchScreen.xib; sourceTree = "<group>"; };
		09DF215A1B9C2EDE00066A3D /* UI基础－舒尔特表Tests.xctest */ = {isa = PBXFileReference; explicitFileType = wrapper.cfbundle; includeInIndex = 0; path = "UI基础－舒尔特表Tests.xctest"; sourceTree = BUILT_PRODUCTS_DIR; };
		09DF215F1B9C2EDE00066A3D /* Info.plist */ = {isa = PBXFileReference; lastKnownFileType = text.plist.xml; path = Info.plist; sourceTree = "<group>"; };
		09DF21601B9C2EDE00066A3D /* UI_______Tests.m */ = {isa = PBXFileReference; lastKnownFileType = sourcecode.c.objc; path = "UI_______Tests.m"; sourceTree = "<group>"; };
		09DF216A1B9C30D900066A3D /* GameViewController.h */ = {isa = PBXFileReference; fileEncoding = 4; lastKnownFileType = sourcecode.c.h; path = GameViewController.h; sourceTree = "<group>"; };
		09DF216B1B9C30D900066A3D /* GameViewController.m */ = {isa = PBXFileReference; fileEncoding = 4; lastKnownFileType = sourcecode.c.objc; path = GameViewController.m; sourceTree = "<group>"; };
		09FEBFEB1B9D4FB6003222A6 /* AudioToolbox.framework */ = {isa = PBXFileReference; lastKnownFileType = wrapper.framework; name = AudioToolbox.framework; path = System/Library/Frameworks/AudioToolbox.framework; sourceTree = SDKROOT; };
		09FEBFED1B9D5035003222A6 /* slap1.m4a */ = {isa = PBXFileReference; lastKnownFileType = file; name = slap1.m4a; path = "../../../../Downloads/视频/视频/iOS开发/0824_UI基础控件实例_石头剪刀布，不会说话的汤姆猫，声音、音效的播放/代码/图片资源/汤姆猫/SoundsM4A/slap1.m4a"; sourceTree = "<group>"; };
/* End PBXFileReference section */

/* Begin PBXFrameworksBuildPhase section */
		09DF213E1B9C2EDE00066A3D /* Frameworks */ = {
			isa = PBXFrameworksBuildPhase;
			buildActionMask = 2147483647;
			files = (
				09FEBFEC1B9D4FB6003222A6 /* AudioToolbox.framework in Frameworks */,
			);
			runOnlyForDeploymentPostprocessing = 0;
		};
		09DF21571B9C2EDE00066A3D /* Frameworks */ = {
			isa = PBXFrameworksBuildPhase;
			buildActionMask = 2147483647;
			files = (
			);
			runOnlyForDeploymentPostprocessing = 0;
		};
/* End PBXFrameworksBuildPhase section */

/* Begin PBXGroup section */
		09DF21381B9C2EDE00066A3D = {
			isa = PBXGroup;
			children = (
				09FEBFED1B9D5035003222A6 /* slap1.m4a */,
				09FEBFEB1B9D4FB6003222A6 /* AudioToolbox.framework */,
				09DF21431B9C2EDE00066A3D /* UI基础－舒尔特表 */,
				09DF215D1B9C2EDE00066A3D /* UI基础－舒尔特表Tests */,
				09DF21421B9C2EDE00066A3D /* Products */,
			);
			sourceTree = "<group>";
		};
		09DF21421B9C2EDE00066A3D /* Products */ = {
			isa = PBXGroup;
			children = (
				09DF21411B9C2EDE00066A3D /* UI基础－舒尔特表.app */,
				09DF215A1B9C2EDE00066A3D /* UI基础－舒尔特表Tests.xctest */,
			);
			name = Products;
			sourceTree = "<group>";
		};
		09DF21431B9C2EDE00066A3D /* UI基础－舒尔特表 */ = {
			isa = PBXGroup;
			children = (
				09DF21481B9C2EDE00066A3D /* AppDelegate.h */,
				09DF21491B9C2EDE00066A3D /* AppDelegate.m */,
				09DF214B1B9C2EDE00066A3D /* ViewController.h */,
				09DF214C1B9C2EDE00066A3D /* ViewController.m */,
				09DF214E1B9C2EDE00066A3D /* Main.storyboard */,
				09DF216A1B9C30D900066A3D /* GameViewController.h */,
				09DF216B1B9C30D900066A3D /* GameViewController.m */,
				09DF21511B9C2EDE00066A3D /* Images.xcassets */,
				09DF21531B9C2EDE00066A3D /* LaunchScreen.xib */,
				09DF21441B9C2EDE00066A3D /* Supporting Files */,
			);
			path = "UI基础－舒尔特表";
			sourceTree = "<group>";
		};
		09DF21441B9C2EDE00066A3D /* Supporting Files */ = {
			isa = PBXGroup;
			children = (
				09DF21451B9C2EDE00066A3D /* Info.plist */,
				09DF21461B9C2EDE00066A3D /* main.m */,
			);
			name = "Supporting Files";
			sourceTree = "<group>";
		};
		09DF215D1B9C2EDE00066A3D /* UI基础－舒尔特表Tests */ = {
			isa = PBXGroup;
			children = (
				09DF21601B9C2EDE00066A3D /* UI_______Tests.m */,
				09DF215E1B9C2EDE00066A3D /* Supporting Files */,
			);
			path = "UI基础－舒尔特表Tests";
			sourceTree = "<group>";
		};
		09DF215E1B9C2EDE00066A3D /* Supporting Files */ = {
			isa = PBXGroup;
			children = (
				09DF215F1B9C2EDE00066A3D /* Info.plist */,
			);
			name = "Supporting Files";
			sourceTree = "<group>";
		};
/* End PBXGroup section */

/* Begin PBXNativeTarget section */
		09DF21401B9C2EDE00066A3D /* UI基础－舒尔特表 */ = {
			isa = PBXNativeTarget;
			buildConfigurationList = 09DF21641B9C2EDE00066A3D /* Build configuration list for PBXNativeTarget "UI基础－舒尔特表" */;
			buildPhases = (
				09DF213D1B9C2EDE00066A3D /* Sources */,
				09DF213E1B9C2EDE00066A3D /* Frameworks */,
				09DF213F1B9C2EDE00066A3D /* Resources */,
			);
			buildRules = (
			);
			dependencies = (
			);
			name = "UI基础－舒尔特表";
			productName = "UI基础－舒尔特表";
			productReference = 09DF21411B9C2EDE00066A3D /* UI基础－舒尔特表.app */;
			productType = "com.apple.product-type.application";
		};
		09DF21591B9C2EDE00066A3D /* UI基础－舒尔特表Tests */ = {
			isa = PBXNativeTarget;
			buildConfigurationList = 09DF21671B9C2EDE00066A3D /* Build configuration list for PBXNativeTarget "UI基础－舒尔特表Tests" */;
			buildPhases = (
				09DF21561B9C2EDE00066A3D /* Sources */,
				09DF21571B9C2EDE00066A3D /* Frameworks */,
				09DF21581B9C2EDE00066A3D /* Resources */,
			);
			buildRules = (
			);
			dependencies = (
				09DF215C1B9C2EDE00066A3D /* PBXTargetDependency */,
			);
			name = "UI基础－舒尔特表Tests";
			productName = "UI基础－舒尔特表Tests";
			productReference = 09DF215A1B9C2EDE00066A3D /* UI基础－舒尔特表Tests.xctest */;
			productType = "com.apple.product-type.bundle.unit-test";
		};
/* End PBXNativeTarget section */

/* Begin PBXProject section */
		09DF21391B9C2EDE00066A3D /* Project object */ = {
			isa = PBXProject;
			attributes = {
				LastUpgradeCheck = 0640;
				ORGANIZATIONNAME = Dex.XU;
				TargetAttributes = {
					09DF21401B9C2EDE00066A3D = {
						CreatedOnToolsVersion = 6.4;
					};
					09DF21591B9C2EDE00066A3D = {
						CreatedOnToolsVersion = 6.4;
						TestTargetID = 09DF21401B9C2EDE00066A3D;
					};
				};
			};
			buildConfigurationList = 09DF213C1B9C2EDE00066A3D /* Build configuration list for PBXProject "UI基础－舒尔特表" */;
			compatibilityVersion = "Xcode 3.2";
			developmentRegion = English;
			hasScannedForEncodings = 0;
			knownRegions = (
				en,
				Base,
			);
			mainGroup = 09DF21381B9C2EDE00066A3D;
			productRefGroup = 09DF21421B9C2EDE00066A3D /* Products */;
			projectDirPath = "";
			projectRoot = "";
			targets = (
				09DF21401B9C2EDE00066A3D /* UI基础－舒尔特表 */,
				09DF21591B9C2EDE00066A3D /* UI基础－舒尔特表Tests */,
			);
		};
/* End PBXProject section */

/* Begin PBXResourcesBuildPhase section */
		09DF213F1B9C2EDE00066A3D /* Resources */ = {
			isa = PBXResourcesBuildPhase;
			buildActionMask = 2147483647;
			files = (
				09DF21501B9C2EDE00066A3D /* Main.storyboard in Resources */,
				09DF21551B9C2EDE00066A3D /* LaunchScreen.xib in Resources */,
				09FEBFEE1B9D5035003222A6 /* slap1.m4a in Resources */,
				09DF21521B9C2EDE00066A3D /* Images.xcassets in Resources */,
			);
			runOnlyForDeploymentPostprocessing = 0;
		};
		09DF21581B9C2EDE00066A3D /* Resources */ = {
			isa = PBXResourcesBuildPhase;
			buildActionMask = 2147483647;
			files = (
			);
			runOnlyForDeploymentPostprocessing = 0;
		};
/* End PBXResourcesBuildPhase section */

/* Begin PBXSourcesBuildPhase section */
		09DF213D1B9C2EDE00066A3D /* Sources */ = {
			isa = PBXSourcesBuildPhase;
			buildActionMask = 2147483647;
			files = (
				09DF216C1B9C30D900066A3D /* GameViewController.m in Sources */,
				09DF214D1B9C2EDE00066A3D /* ViewController.m in Sources */,
				09DF214A1B9C2EDE00066A3D /* AppDelegate.m in Sources */,
				09DF21471B9C2EDE00066A3D /* main.m in Sources */,
			);
			runOnlyForDeploymentPostprocessing = 0;
		};
		09DF21561B9C2EDE00066A3D /* Sources */ = {
			isa = PBXSourcesBuildPhase;
			buildActionMask = 2147483647;
			files = (
				09DF21611B9C2EDE00066A3D /* UI_______Tests.m in Sources */,
			);
			runOnlyForDeploymentPostprocessing = 0;
		};
/* End PBXSourcesBuildPhase section */

/* Begin PBXTargetDependency section */
		09DF215C1B9C2EDE00066A3D /* PBXTargetDependency */ = {
			isa = PBXTargetDependency;
			target = 09DF21401B9C2EDE00066A3D /* UI基础－舒尔特表 */;
			targetProxy = 09DF215B1B9C2EDE00066A3D /* PBXContainerItemProxy */;
		};
/* End PBXTargetDependency section */

/* Begin PBXVariantGroup section */
		09DF214E1B9C2EDE00066A3D /* Main.storyboard */ = {
			isa = PBXVariantGroup;
			children = (
				09DF214F1B9C2EDE00066A3D /* Base */,
			);
			name = Main.storyboard;
			sourceTree = "<group>";
		};
		09DF21531B9C2EDE00066A3D /* LaunchScreen.xib */ = {
			isa = PBXVariantGroup;
			children = (
				09DF21541B9C2EDE00066A3D /* Base */,
			);
			name = LaunchScreen.xib;
			sourceTree = "<group>";
		};
/* End PBXVariantGroup section */

/* Begin XCBuildConfiguration section */
		09DF21621B9C2EDE00066A3D /* Debug */ = {
			isa = XCBuildConfiguration;
			buildSettings = {
				ALWAYS_SEARCH_USER_PATHS = NO;
				CLANG_CXX_LANGUAGE_STANDARD = "gnu++0x";
				CLANG_CXX_LIBRARY = "libc++";
				CLANG_ENABLE_MODULES = YES;
				CLANG_ENABLE_OBJC_ARC = YES;
				CLANG_WARN_BOOL_CONVERSION = YES;
				CLANG_WARN_CONSTANT_CONVERSION = YES;
				CLANG_WARN_DIRECT_OBJC_ISA_USAGE = YES_ERROR;
				CLANG_WARN_EMPTY_BODY = YES;
				CLANG_WARN_ENUM_CONVERSION = YES;
				CLANG_WARN_INT_CONVERSION = YES;
				CLANG_WARN_OBJC_ROOT_CLASS = YES_ERROR;
				CLANG_WARN_UNREACHABLE_CODE = YES;
				CLANG_WARN__DUPLICATE_METHOD_MATCH = YES;
				"CODE_SIGN_IDENTITY[sdk=iphoneos*]" = "iPhone Developer";
				COPY_PHASE_STRIP = NO;
				DEBUG_INFORMATION_FORMAT = "dwarf-with-dsym";
				ENABLE_STRICT_OBJC_MSGSEND = YES;
				GCC_C_LANGUAGE_STANDARD = gnu99;
				GCC_DYNAMIC_NO_PIC = NO;
				GCC_NO_COMMON_BLOCKS = YES;
				GCC_OPTIMIZATION_LEVEL = 0;
				GCC_PREPROCESSOR_DEFINITIONS = (
					"DEBUG=1",
					"$(inherited)",
				);
				GCC_SYMBOLS_PRIVATE_EXTERN = NO;
				GCC_WARN_64_TO_32_BIT_CONVERSION = YES;
				GCC_WARN_ABOUT_RETURN_TYPE = YES_ERROR;
				GCC_WARN_UNDECLARED_SELECTOR = YES;
				GCC_WARN_UNINITIALIZED_AUTOS = YES_AGGRESSIVE;
				GCC_WARN_UNUSED_FUNCTION = YES;
				GCC_WARN_UNUSED_VARIABLE = YES;
				IPHONEOS_DEPLOYMENT_TARGET = 8.4;
				MTL_ENABLE_DEBUG_INFO = YES;
				ONLY_ACTIVE_ARCH = YES;
				SDKROOT = iphoneos;
			};
			name = Debug;
		};
		09DF21631B9C2EDE00066A3D /* Release */ = {
			isa = XCBuildConfiguration;
			buildSettings = {
				ALWAYS_SEARCH_USER_PATHS = NO;
				CLANG_CXX_LANGUAGE_STANDARD = "gnu++0x";
				CLANG_CXX_LIBRARY = "libc++";
				CLANG_ENABLE_MODULES = YES;
				CLANG_ENABLE_OBJC_ARC = YES;
				CLANG_WARN_BOOL_CONVERSION = YES;
				CLANG_WARN_CONSTANT_CONVERSION = YES;
				CLANG_WARN_DIRECT_OBJC_ISA_USAGE = YES_ERROR;
				CLANG_WARN_EMPTY_BODY = YES;
				CLANG_WARN_ENUM_CONVERSION = YES;
				CLANG_WARN_INT_CONVERSION = YES;
				CLANG_WARN_OBJC_ROOT_CLASS = YES_ERROR;
				CLANG_WARN_UNREACHABLE_CODE = YES;
				CLANG_WARN__DUPLICATE_METHOD_MATCH = YES;
				"CODE_SIGN_IDENTITY[sdk=iphoneos*]" = "iPhone Developer";
				COPY_PHASE_STRIP = NO;
				DEBUG_INFORMATION_FORMAT = "dwarf-with-dsym";
				ENABLE_NS_ASSERTIONS = NO;
				ENABLE_STRICT_OBJC_MSGSEND = YES;
				GCC_C_LANGUAGE_STANDARD = gnu99;
				GCC_NO_COMMON_BLOCKS = YES;
				GCC_WARN_64_TO_32_BIT_CONVERSION = YES;
				GCC_WARN_ABOUT_RETURN_TYPE = YES_ERROR;
				GCC_WARN_UNDECLARED_SELECTOR = YES;
				GCC_WARN_UNINITIALIZED_AUTOS = YES_AGGRESSIVE;
				GCC_WARN_UNUSED_FUNCTION = YES;
				GCC_WARN_UNUSED_VARIABLE = YES;
				IPHONEOS_DEPLOYMENT_TARGET = 8.4;
				MTL_ENABLE_DEBUG_INFO = NO;
				SDKROOT = iphoneos;
				VALIDATE_PRODUCT = YES;
			};
			name = Release;
		};
		09DF21651B9C2EDE00066A3D /* Debug */ = {
			isa = XCBuildConfiguration;
			buildSettings = {
				ASSETCATALOG_COMPILER_APPICON_NAME = AppIcon;
				INFOPLIST_FILE = "UI基础－舒尔特表/Info.plist";
				LD_RUNPATH_SEARCH_PATHS = "$(inherited) @executable_path/Frameworks";
				PRODUCT_NAME = "$(TARGET_NAME)";
			};
			name = Debug;
		};
		09DF21661B9C2EDE00066A3D /* Release */ = {
			isa = XCBuildConfiguration;
			buildSettings = {
				ASSETCATALOG_COMPILER_APPICON_NAME = AppIcon;
				INFOPLIST_FILE = "UI基础－舒尔特表/Info.plist";
				LD_RUNPATH_SEARCH_PATHS = "$(inherited) @executable_path/Frameworks";
				PRODUCT_NAME = "$(TARGET_NAME)";
			};
			name = Release;
		};
		09DF21681B9C2EDE00066A3D /* Debug */ = {
			isa = XCBuildConfiguration;
			buildSettings = {
				BUNDLE_LOADER = "$(TEST_HOST)";
				FRAMEWORK_SEARCH_PATHS = (
					"$(SDKROOT)/Developer/Library/Frameworks",
					"$(inherited)",
				);
				GCC_PREPROCESSOR_DEFINITIONS = (
					"DEBUG=1",
					"$(inherited)",
				);
				INFOPLIST_FILE = "UI基础－舒尔特表Tests/Info.plist";
				LD_RUNPATH_SEARCH_PATHS = "$(inherited) @executable_path/Frameworks @loader_path/Frameworks";
				PRODUCT_NAME = "$(TARGET_NAME)";
				TEST_HOST = "$(BUILT_PRODUCTS_DIR)/UI基础－舒尔特表.app/UI基础－舒尔特表";
			};
			name = Debug;
		};
		09DF21691B9C2EDE00066A3D /* Release */ = {
			isa = XCBuildConfiguration;
			buildSettings = {
				BUNDLE_LOADER = "$(TEST_HOST)";
				FRAMEWORK_SEARCH_PATHS = (
					"$(SDKROOT)/Developer/Library/Frameworks",
					"$(inherited)",
				);
				INFOPLIST_FILE = "UI基础－舒尔特表Tests/Info.plist";
				LD_RUNPATH_SEARCH_PATHS = "$(inherited) @executable_path/Frameworks @loader_path/Frameworks";
				PRODUCT_NAME = "$(TARGET_NAME)";
				TEST_HOST = "$(BUILT_PRODUCTS_DIR)/UI基础－舒尔特表.app/UI基础－舒尔特表";
			};
			name = Release;
		};
/* End XCBuildConfiguration section */

/* Begin XCConfigurationList section */
		09DF213C1B9C2EDE00066A3D /* Build configuration list for PBXProject "UI基础－舒尔特表" */ = {
			isa = XCConfigurationList;
			buildConfigurations = (
				09DF21621B9C2EDE00066A3D /* Debug */,
				09DF21631B9C2EDE00066A3D /* Release */,
			);
			defaultConfigurationIsVisible = 0;
			defaultConfigurationName = Release;
		};
		09DF21641B9C2EDE00066A3D /* Build configuration list for PBXNativeTarget "UI基础－舒尔特表" */ = {
			isa = XCConfigurationList;
			buildConfigurations = (
				09DF21651B9C2EDE00066A3D /* Debug */,
				09DF21661B9C2EDE00066A3D /* Release */,
			);
			defaultConfigurationIsVisible = 0;
			defaultConfigurationName = Release;
		};
		09DF21671B9C2EDE00066A3D /* Build configuration list for PBXNativeTarget "UI基础－舒尔特表Tests" */ = {
			isa = XCConfigurationList;
			buildConfigurations = (
				09DF21681B9C2EDE00066A3D /* Debug */,
				09DF21691B9C2EDE00066A3D /* Release */,
			);
			defaultConfigurationIsVisible = 0;
			defaultConfigurationName = Release;
		};
/* End XCConfigurationList section */
	};
	rootObject = 09DF21391B9C2EDE00066A3D /* Project object */;
}
