// !$*UTF8*$!
{
	archiveVersion = 1;
	classes = {
	};
	objectVersion = 46;
	objects = {

/* Begin PBXBuildFile section */
		092612701B5DDC3A0013593C /* main.m in Sources */ = {isa = PBXBuildFile; fileRef = 0926126F1B5DDC3A0013593C /* main.m */; };
		0926127B1B5DDD660013593C /* FKApple.m in Sources */ = {isa = PBXBuildFile; fileRef = 0926127A1B5DDD660013593C /* FKApple.m */; };
/* End PBXBuildFile section */

/* Begin PBXCopyFilesBuildPhase section */
		0926126A1B5DDC3A0013593C /* CopyFiles */ = {
			isa = PBXCopyFilesBuildPhase;
			buildActionMask = 2147483647;
			dstPath = /usr/share/man/man1/;
			dstSubfolderSpec = 0;
			files = (
			);
			runOnlyForDeploymentPostprocessing = 1;
		};
/* End PBXCopyFilesBuildPhase section */

/* Begin PBXFileReference section */
		0926126C1B5DDC3A0013593C /* FKEatable */ = {isa = PBXFileReference; explicitFileType = "compiled.mach-o.executable"; includeInIndex = 0; path = FKEatable; sourceTree = BUILT_PRODUCTS_DIR; };
		0926126F1B5DDC3A0013593C /* main.m */ = {isa = PBXFileReference; lastKnownFileType = sourcecode.c.objc; path = main.m; sourceTree = "<group>"; };
		092612761B5DDC720013593C /* FKEatable.h */ = {isa = PBXFileReference; fileEncoding = 4; lastKnownFileType = sourcecode.c.h; path = FKEatable.h; sourceTree = "<group>"; };
		092612791B5DDD660013593C /* FKApple.h */ = {isa = PBXFileReference; fileEncoding = 4; lastKnownFileType = sourcecode.c.h; path = FKApple.h; sourceTree = "<group>"; };
		0926127A1B5DDD660013593C /* FKApple.m */ = {isa = PBXFileReference; fileEncoding = 4; lastKnownFileType = sourcecode.c.objc; path = FKApple.m; sourceTree = "<group>"; };
/* End PBXFileReference section */

/* Begin PBXFrameworksBuildPhase section */
		092612691B5DDC3A0013593C /* Frameworks */ = {
			isa = PBXFrameworksBuildPhase;
			buildActionMask = 2147483647;
			files = (
			);
			runOnlyForDeploymentPostprocessing = 0;
		};
/* End PBXFrameworksBuildPhase section */

/* Begin PBXGroup section */
		092612631B5DDC3A0013593C = {
			isa = PBXGroup;
			children = (
				0926126E1B5DDC3A0013593C /* FKEatable */,
				0926126D1B5DDC3A0013593C /* Products */,
			);
			sourceTree = "<group>";
		};
		0926126D1B5DDC3A0013593C /* Products */ = {
			isa = PBXGroup;
			children = (
				0926126C1B5DDC3A0013593C /* FKEatable */,
			);
			name = Products;
			sourceTree = "<group>";
		};
		0926126E1B5DDC3A0013593C /* FKEatable */ = {
			isa = PBXGroup;
			children = (
				0926126F1B5DDC3A0013593C /* main.m */,
				092612761B5DDC720013593C /* FKEatable.h */,
				092612791B5DDD660013593C /* FKApple.h */,
				0926127A1B5DDD660013593C /* FKApple.m */,
			);
			path = FKEatable;
			sourceTree = "<group>";
		};
/* End PBXGroup section */

/* Begin PBXNativeTarget section */
		0926126B1B5DDC3A0013593C /* FKEatable */ = {
			isa = PBXNativeTarget;
			buildConfigurationList = 092612731B5DDC3A0013593C /* Build configuration list for PBXNativeTarget "FKEatable" */;
			buildPhases = (
				092612681B5DDC3A0013593C /* Sources */,
				092612691B5DDC3A0013593C /* Frameworks */,
				0926126A1B5DDC3A0013593C /* CopyFiles */,
			);
			buildRules = (
			);
			dependencies = (
			);
			name = FKEatable;
			productName = FKEatable;
			productReference = 0926126C1B5DDC3A0013593C /* FKEatable */;
			productType = "com.apple.product-type.tool";
		};
/* End PBXNativeTarget section */

/* Begin PBXProject section */
		092612641B5DDC3A0013593C /* Project object */ = {
			isa = PBXProject;
			attributes = {
				LastUpgradeCheck = 0640;
				ORGANIZATIONNAME = Dex.XU;
				TargetAttributes = {
					0926126B1B5DDC3A0013593C = {
						CreatedOnToolsVersion = 6.4;
					};
				};
			};
			buildConfigurationList = 092612671B5DDC3A0013593C /* Build configuration list for PBXProject "FKEatable" */;
			compatibilityVersion = "Xcode 3.2";
			developmentRegion = English;
			hasScannedForEncodings = 0;
			knownRegions = (
				en,
			);
			mainGroup = 092612631B5DDC3A0013593C;
			productRefGroup = 0926126D1B5DDC3A0013593C /* Products */;
			projectDirPath = "";
			projectRoot = "";
			targets = (
				0926126B1B5DDC3A0013593C /* FKEatable */,
			);
		};
/* End PBXProject section */

/* Begin PBXSourcesBuildPhase section */
		092612681B5DDC3A0013593C /* Sources */ = {
			isa = PBXSourcesBuildPhase;
			buildActionMask = 2147483647;
			files = (
				092612701B5DDC3A0013593C /* main.m in Sources */,
				0926127B1B5DDD660013593C /* FKApple.m in Sources */,
			);
			runOnlyForDeploymentPostprocessing = 0;
		};
/* End PBXSourcesBuildPhase section */

/* Begin XCBuildConfiguration section */
		092612711B5DDC3A0013593C /* Debug */ = {
			isa = XCBuildConfiguration;
			buildSettings = {
				ALWAYS_SEARCH_USER_PATHS = NO;
				CLANG_CXX_LANGUAGE_STANDARD = "gnu++0x";
				CLANG_CXX_LIBRARY = "libc++";
				CLANG_ENABLE_MODULES = YES;
				CLANG_ENABLE_OBJC_ARC = YES;
				CLANG_WARN_BOOL_CONVERSION = YES;
				CLANG_WARN_CONSTANT_CONVERSION = YES;
				CLANG_WARN_DIRECT_OBJC_ISA_USAGE = YES_ERROR;
				CLANG_WARN_EMPTY_BODY = YES;
				CLANG_WARN_ENUM_CONVERSION = YES;
				CLANG_WARN_INT_CONVERSION = YES;
				CLANG_WARN_OBJC_ROOT_CLASS = YES_ERROR;
				CLANG_WARN_UNREACHABLE_CODE = YES;
				CLANG_WARN__DUPLICATE_METHOD_MATCH = YES;
				COPY_PHASE_STRIP = NO;
				DEBUG_INFORMATION_FORMAT = dwarf;
				ENABLE_STRICT_OBJC_MSGSEND = YES;
				GCC_C_LANGUAGE_STANDARD = gnu99;
				GCC_DYNAMIC_NO_PIC = NO;
				GCC_NO_COMMON_BLOCKS = YES;
				GCC_OPTIMIZATION_LEVEL = 0;
				GCC_PREPROCESSOR_DEFINITIONS = (
					"DEBUG=1",
					"$(inherited)",
				);
				GCC_SYMBOLS_PRIVATE_EXTERN = NO;
				GCC_WARN_64_TO_32_BIT_CONVERSION = YES;
				GCC_WARN_ABOUT_RETURN_TYPE = YES_ERROR;
				GCC_WARN_UNDECLARED_SELECTOR = YES;
				GCC_WARN_UNINITIALIZED_AUTOS = YES_AGGRESSIVE;
				GCC_WARN_UNUSED_FUNCTION = YES;
				GCC_WARN_UNUSED_VARIABLE = YES;
				MACOSX_DEPLOYMENT_TARGET = 10.10;
				MTL_ENABLE_DEBUG_INFO = YES;
				ONLY_ACTIVE_ARCH = YES;
				SDKROOT = macosx;
			};
			name = Debug;
		};
		092612721B5DDC3A0013593C /* Release */ = {
			isa = XCBuildConfiguration;
			buildSettings = {
				ALWAYS_SEARCH_USER_PATHS = NO;
				CLANG_CXX_LANGUAGE_STANDARD = "gnu++0x";
				CLANG_CXX_LIBRARY = "libc++";
				CLANG_ENABLE_MODULES = YES;
				CLANG_ENABLE_OBJC_ARC = YES;
				CLANG_WARN_BOOL_CONVERSION = YES;
				CLANG_WARN_CONSTANT_CONVERSION = YES;
				CLANG_WARN_DIRECT_OBJC_ISA_USAGE = YES_ERROR;
				CLANG_WARN_EMPTY_BODY = YES;
				CLANG_WARN_ENUM_CONVERSION = YES;
				CLANG_WARN_INT_CONVERSION = YES;
				CLANG_WARN_OBJC_ROOT_CLASS = YES_ERROR;
				CLANG_WARN_UNREACHABLE_CODE = YES;
				CLANG_WARN__DUPLICATE_METHOD_MATCH = YES;
				COPY_PHASE_STRIP = NO;
				DEBUG_INFORMATION_FORMAT = "dwarf-with-dsym";
				ENABLE_NS_ASSERTIONS = NO;
				ENABLE_STRICT_OBJC_MSGSEND = YES;
				GCC_C_LANGUAGE_STANDARD = gnu99;
				GCC_NO_COMMON_BLOCKS = YES;
				GCC_WARN_64_TO_32_BIT_CONVERSION = YES;
				GCC_WARN_ABOUT_RETURN_TYPE = YES_ERROR;
				GCC_WARN_UNDECLARED_SELECTOR = YES;
				GCC_WARN_UNINITIALIZED_AUTOS = YES_AGGRESSIVE;
				GCC_WARN_UNUSED_FUNCTION = YES;
				GCC_WARN_UNUSED_VARIABLE = YES;
				MACOSX_DEPLOYMENT_TARGET = 10.10;
				MTL_ENABLE_DEBUG_INFO = NO;
				SDKROOT = macosx;
			};
			name = Release;
		};
		092612741B5DDC3A0013593C /* Debug */ = {
			isa = XCBuildConfiguration;
			buildSettings = {
				PRODUCT_NAME = "$(TARGET_NAME)";
			};
			name = Debug;
		};
		092612751B5DDC3A0013593C /* Release */ = {
			isa = XCBuildConfiguration;
			buildSettings = {
				PRODUCT_NAME = "$(TARGET_NAME)";
			};
			name = Release;
		};
/* End XCBuildConfiguration section */

/* Begin XCConfigurationList section */
		092612671B5DDC3A0013593C /* Build configuration list for PBXProject "FKEatable" */ = {
			isa = XCConfigurationList;
			buildConfigurations = (
				092612711B5DDC3A0013593C /* Debug */,
				092612721B5DDC3A0013593C /* Release */,
			);
			defaultConfigurationIsVisible = 0;
			defaultConfigurationName = Release;
		};
		092612731B5DDC3A0013593C /* Build configuration list for PBXNativeTarget "FKEatable" */ = {
			isa = XCConfigurationList;
			buildConfigurations = (
				092612741B5DDC3A0013593C /* Debug */,
				092612751B5DDC3A0013593C /* Release */,
			);
			defaultConfigurationIsVisible = 0;
		};
/* End XCConfigurationList section */
	};
	rootObject = 092612641B5DDC3A0013593C /* Project object */;
}
