// !$*UTF8*$!
{
	archiveVersion = 1;
	classes = {
	};
	objectVersion = 46;
	objects = {

/* Begin PBXBuildFile section */
		09F0BEF81B6085B20082B0E6 /* main.m in Sources */ = {isa = PBXBuildFile; fileRef = 09F0BEF71B6085B20082B0E6 /* main.m */; };
		09F0BF001B6086420082B0E6 /* LazyDealloc.m in Sources */ = {isa = PBXBuildFile; fileRef = 09F0BEFF1B6086420082B0E6 /* LazyDealloc.m */; };
/* End PBXBuildFile section */

/* Begin PBXCopyFilesBuildPhase section */
		09F0BEF21B6085B20082B0E6 /* CopyFiles */ = {
			isa = PBXCopyFilesBuildPhase;
			buildActionMask = 2147483647;
			dstPath = /usr/share/man/man1/;
			dstSubfolderSpec = 0;
			files = (
			);
			runOnlyForDeploymentPostprocessing = 1;
		};
/* End PBXCopyFilesBuildPhase section */

/* Begin PBXFileReference section */
		09F0BEF41B6085B20082B0E6 /* LazyDealloc */ = {isa = PBXFileReference; explicitFileType = "compiled.mach-o.executable"; includeInIndex = 0; path = LazyDealloc; sourceTree = BUILT_PRODUCTS_DIR; };
		09F0BEF71B6085B20082B0E6 /* main.m */ = {isa = PBXFileReference; lastKnownFileType = sourcecode.c.objc; path = main.m; sourceTree = "<group>"; };
		09F0BEFE1B6086420082B0E6 /* LazyDealloc.h */ = {isa = PBXFileReference; fileEncoding = 4; lastKnownFileType = sourcecode.c.h; path = LazyDealloc.h; sourceTree = "<group>"; };
		09F0BEFF1B6086420082B0E6 /* LazyDealloc.m */ = {isa = PBXFileReference; fileEncoding = 4; lastKnownFileType = sourcecode.c.objc; path = LazyDealloc.m; sourceTree = "<group>"; };
/* End PBXFileReference section */

/* Begin PBXFrameworksBuildPhase section */
		09F0BEF11B6085B20082B0E6 /* Frameworks */ = {
			isa = PBXFrameworksBuildPhase;
			buildActionMask = 2147483647;
			files = (
			);
			runOnlyForDeploymentPostprocessing = 0;
		};
/* End PBXFrameworksBuildPhase section */

/* Begin PBXGroup section */
		09F0BEEB1B6085B20082B0E6 = {
			isa = PBXGroup;
			children = (
				09F0BEF61B6085B20082B0E6 /* LazyDealloc */,
				09F0BEF51B6085B20082B0E6 /* Products */,
			);
			sourceTree = "<group>";
		};
		09F0BEF51B6085B20082B0E6 /* Products */ = {
			isa = PBXGroup;
			children = (
				09F0BEF41B6085B20082B0E6 /* LazyDealloc */,
			);
			name = Products;
			sourceTree = "<group>";
		};
		09F0BEF61B6085B20082B0E6 /* LazyDealloc */ = {
			isa = PBXGroup;
			children = (
				09F0BEF71B6085B20082B0E6 /* main.m */,
				09F0BEFE1B6086420082B0E6 /* LazyDealloc.h */,
				09F0BEFF1B6086420082B0E6 /* LazyDealloc.m */,
			);
			path = LazyDealloc;
			sourceTree = "<group>";
		};
/* End PBXGroup section */

/* Begin PBXNativeTarget section */
		09F0BEF31B6085B20082B0E6 /* LazyDealloc */ = {
			isa = PBXNativeTarget;
			buildConfigurationList = 09F0BEFB1B6085B20082B0E6 /* Build configuration list for PBXNativeTarget "LazyDealloc" */;
			buildPhases = (
				09F0BEF01B6085B20082B0E6 /* Sources */,
				09F0BEF11B6085B20082B0E6 /* Frameworks */,
				09F0BEF21B6085B20082B0E6 /* CopyFiles */,
			);
			buildRules = (
			);
			dependencies = (
			);
			name = LazyDealloc;
			productName = LazyDealloc;
			productReference = 09F0BEF41B6085B20082B0E6 /* LazyDealloc */;
			productType = "com.apple.product-type.tool";
		};
/* End PBXNativeTarget section */

/* Begin PBXProject section */
		09F0BEEC1B6085B20082B0E6 /* Project object */ = {
			isa = PBXProject;
			attributes = {
				LastUpgradeCheck = 0640;
				ORGANIZATIONNAME = Dex.XU;
				TargetAttributes = {
					09F0BEF31B6085B20082B0E6 = {
						CreatedOnToolsVersion = 6.4;
					};
				};
			};
			buildConfigurationList = 09F0BEEF1B6085B20082B0E6 /* Build configuration list for PBXProject "LazyDealloc" */;
			compatibilityVersion = "Xcode 3.2";
			developmentRegion = English;
			hasScannedForEncodings = 0;
			knownRegions = (
				en,
			);
			mainGroup = 09F0BEEB1B6085B20082B0E6;
			productRefGroup = 09F0BEF51B6085B20082B0E6 /* Products */;
			projectDirPath = "";
			projectRoot = "";
			targets = (
				09F0BEF31B6085B20082B0E6 /* LazyDealloc */,
			);
		};
/* End PBXProject section */

/* Begin PBXSourcesBuildPhase section */
		09F0BEF01B6085B20082B0E6 /* Sources */ = {
			isa = PBXSourcesBuildPhase;
			buildActionMask = 2147483647;
			files = (
				09F0BF001B6086420082B0E6 /* LazyDealloc.m in Sources */,
				09F0BEF81B6085B20082B0E6 /* main.m in Sources */,
			);
			runOnlyForDeploymentPostprocessing = 0;
		};
/* End PBXSourcesBuildPhase section */

/* Begin XCBuildConfiguration section */
		09F0BEF91B6085B20082B0E6 /* Debug */ = {
			isa = XCBuildConfiguration;
			buildSettings = {
				ALWAYS_SEARCH_USER_PATHS = NO;
				CLANG_CXX_LANGUAGE_STANDARD = "gnu++0x";
				CLANG_CXX_LIBRARY = "libc++";
				CLANG_ENABLE_MODULES = YES;
				CLANG_ENABLE_OBJC_ARC = YES;
				CLANG_WARN_BOOL_CONVERSION = YES;
				CLANG_WARN_CONSTANT_CONVERSION = YES;
				CLANG_WARN_DIRECT_OBJC_ISA_USAGE = YES_ERROR;
				CLANG_WARN_EMPTY_BODY = YES;
				CLANG_WARN_ENUM_CONVERSION = YES;
				CLANG_WARN_INT_CONVERSION = YES;
				CLANG_WARN_OBJC_ROOT_CLASS = YES_ERROR;
				CLANG_WARN_UNREACHABLE_CODE = YES;
				CLANG_WARN__DUPLICATE_METHOD_MATCH = YES;
				COPY_PHASE_STRIP = NO;
				DEBUG_INFORMATION_FORMAT = dwarf;
				ENABLE_STRICT_OBJC_MSGSEND = YES;
				GCC_C_LANGUAGE_STANDARD = gnu99;
				GCC_DYNAMIC_NO_PIC = NO;
				GCC_NO_COMMON_BLOCKS = YES;
				GCC_OPTIMIZATION_LEVEL = 0;
				GCC_PREPROCESSOR_DEFINITIONS = (
					"DEBUG=1",
					"$(inherited)",
				);
				GCC_SYMBOLS_PRIVATE_EXTERN = NO;
				GCC_WARN_64_TO_32_BIT_CONVERSION = YES;
				GCC_WARN_ABOUT_RETURN_TYPE = YES_ERROR;
				GCC_WARN_UNDECLARED_SELECTOR = YES;
				GCC_WARN_UNINITIALIZED_AUTOS = YES_AGGRESSIVE;
				GCC_WARN_UNUSED_FUNCTION = YES;
				GCC_WARN_UNUSED_VARIABLE = YES;
				MACOSX_DEPLOYMENT_TARGET = 10.10;
				MTL_ENABLE_DEBUG_INFO = YES;
				ONLY_ACTIVE_ARCH = YES;
				SDKROOT = macosx;
			};
			name = Debug;
		};
		09F0BEFA1B6085B20082B0E6 /* Release */ = {
			isa = XCBuildConfiguration;
			buildSettings = {
				ALWAYS_SEARCH_USER_PATHS = NO;
				CLANG_CXX_LANGUAGE_STANDARD = "gnu++0x";
				CLANG_CXX_LIBRARY = "libc++";
				CLANG_ENABLE_MODULES = YES;
				CLANG_ENABLE_OBJC_ARC = YES;
				CLANG_WARN_BOOL_CONVERSION = YES;
				CLANG_WARN_CONSTANT_CONVERSION = YES;
				CLANG_WARN_DIRECT_OBJC_ISA_USAGE = YES_ERROR;
				CLANG_WARN_EMPTY_BODY = YES;
				CLANG_WARN_ENUM_CONVERSION = YES;
				CLANG_WARN_INT_CONVERSION = YES;
				CLANG_WARN_OBJC_ROOT_CLASS = YES_ERROR;
				CLANG_WARN_UNREACHABLE_CODE = YES;
				CLANG_WARN__DUPLICATE_METHOD_MATCH = YES;
				COPY_PHASE_STRIP = NO;
				DEBUG_INFORMATION_FORMAT = "dwarf-with-dsym";
				ENABLE_NS_ASSERTIONS = NO;
				ENABLE_STRICT_OBJC_MSGSEND = YES;
				GCC_C_LANGUAGE_STANDARD = gnu99;
				GCC_NO_COMMON_BLOCKS = YES;
				GCC_WARN_64_TO_32_BIT_CONVERSION = YES;
				GCC_WARN_ABOUT_RETURN_TYPE = YES_ERROR;
				GCC_WARN_UNDECLARED_SELECTOR = YES;
				GCC_WARN_UNINITIALIZED_AUTOS = YES_AGGRESSIVE;
				GCC_WARN_UNUSED_FUNCTION = YES;
				GCC_WARN_UNUSED_VARIABLE = YES;
				MACOSX_DEPLOYMENT_TARGET = 10.10;
				MTL_ENABLE_DEBUG_INFO = NO;
				SDKROOT = macosx;
			};
			name = Release;
		};
		09F0BEFC1B6085B20082B0E6 /* Debug */ = {
			isa = XCBuildConfiguration;
			buildSettings = {
				PRODUCT_NAME = "$(TARGET_NAME)";
			};
			name = Debug;
		};
		09F0BEFD1B6085B20082B0E6 /* Release */ = {
			isa = XCBuildConfiguration;
			buildSettings = {
				PRODUCT_NAME = "$(TARGET_NAME)";
			};
			name = Release;
		};
/* End XCBuildConfiguration section */

/* Begin XCConfigurationList section */
		09F0BEEF1B6085B20082B0E6 /* Build configuration list for PBXProject "LazyDealloc" */ = {
			isa = XCConfigurationList;
			buildConfigurations = (
				09F0BEF91B6085B20082B0E6 /* Debug */,
				09F0BEFA1B6085B20082B0E6 /* Release */,
			);
			defaultConfigurationIsVisible = 0;
			defaultConfigurationName = Release;
		};
		09F0BEFB1B6085B20082B0E6 /* Build configuration list for PBXNativeTarget "LazyDealloc" */ = {
			isa = XCConfigurationList;
			buildConfigurations = (
				09F0BEFC1B6085B20082B0E6 /* Debug */,
				09F0BEFD1B6085B20082B0E6 /* Release */,
			);
			defaultConfigurationIsVisible = 0;
		};
/* End XCConfigurationList section */
	};
	rootObject = 09F0BEEC1B6085B20082B0E6 /* Project object */;
}
