// !$*UTF8*$!
{
	archiveVersion = 1;
	classes = {
	};
	objectVersion = 46;
	objects = {

/* Begin PBXBuildFile section */
		09FE04451B7B3D8E006D2712 /* main.m in Sources */ = {isa = PBXBuildFile; fileRef = 09FE04441B7B3D8E006D2712 /* main.m */; };
		09FE044D1B7B3DBC006D2712 /* NSDictionary+print.m in Sources */ = {isa = PBXBuildFile; fileRef = 09FE044C1B7B3DBC006D2712 /* NSDictionary+print.m */; };
		09FE04501B7B41FD006D2712 /* FKUser.m in Sources */ = {isa = PBXBuildFile; fileRef = 09FE044F1B7B41FD006D2712 /* FKUser.m */; };
/* End PBXBuildFile section */

/* Begin PBXCopyFilesBuildPhase section */
		09FE043F1B7B3D8E006D2712 /* CopyFiles */ = {
			isa = PBXCopyFilesBuildPhase;
			buildActionMask = 2147483647;
			dstPath = /usr/share/man/man1/;
			dstSubfolderSpec = 0;
			files = (
			);
			runOnlyForDeploymentPostprocessing = 1;
		};
/* End PBXCopyFilesBuildPhase section */

/* Begin PBXFileReference section */
		09FE04411B7B3D8E006D2712 /* NSDictionaryTest */ = {isa = PBXFileReference; explicitFileType = "compiled.mach-o.executable"; includeInIndex = 0; path = NSDictionaryTest; sourceTree = BUILT_PRODUCTS_DIR; };
		09FE04441B7B3D8E006D2712 /* main.m */ = {isa = PBXFileReference; lastKnownFileType = sourcecode.c.objc; path = main.m; sourceTree = "<group>"; };
		09FE044B1B7B3DBC006D2712 /* NSDictionary+print.h */ = {isa = PBXFileReference; fileEncoding = 4; lastKnownFileType = sourcecode.c.h; path = "NSDictionary+print.h"; sourceTree = "<group>"; };
		09FE044C1B7B3DBC006D2712 /* NSDictionary+print.m */ = {isa = PBXFileReference; fileEncoding = 4; lastKnownFileType = sourcecode.c.objc; path = "NSDictionary+print.m"; sourceTree = "<group>"; };
		09FE044E1B7B41FD006D2712 /* FKUser.h */ = {isa = PBXFileReference; fileEncoding = 4; lastKnownFileType = sourcecode.c.h; path = FKUser.h; sourceTree = "<group>"; };
		09FE044F1B7B41FD006D2712 /* FKUser.m */ = {isa = PBXFileReference; fileEncoding = 4; lastKnownFileType = sourcecode.c.objc; path = FKUser.m; sourceTree = "<group>"; };
/* End PBXFileReference section */

/* Begin PBXFrameworksBuildPhase section */
		09FE043E1B7B3D8E006D2712 /* Frameworks */ = {
			isa = PBXFrameworksBuildPhase;
			buildActionMask = 2147483647;
			files = (
			);
			runOnlyForDeploymentPostprocessing = 0;
		};
/* End PBXFrameworksBuildPhase section */

/* Begin PBXGroup section */
		09FE04381B7B3D8E006D2712 = {
			isa = PBXGroup;
			children = (
				09FE04431B7B3D8E006D2712 /* NSDictionaryTest */,
				09FE04421B7B3D8E006D2712 /* Products */,
			);
			sourceTree = "<group>";
		};
		09FE04421B7B3D8E006D2712 /* Products */ = {
			isa = PBXGroup;
			children = (
				09FE04411B7B3D8E006D2712 /* NSDictionaryTest */,
			);
			name = Products;
			sourceTree = "<group>";
		};
		09FE04431B7B3D8E006D2712 /* NSDictionaryTest */ = {
			isa = PBXGroup;
			children = (
				09FE04441B7B3D8E006D2712 /* main.m */,
				09FE044B1B7B3DBC006D2712 /* NSDictionary+print.h */,
				09FE044C1B7B3DBC006D2712 /* NSDictionary+print.m */,
				09FE044E1B7B41FD006D2712 /* FKUser.h */,
				09FE044F1B7B41FD006D2712 /* FKUser.m */,
			);
			path = NSDictionaryTest;
			sourceTree = "<group>";
		};
/* End PBXGroup section */

/* Begin PBXNativeTarget section */
		09FE04401B7B3D8E006D2712 /* NSDictionaryTest */ = {
			isa = PBXNativeTarget;
			buildConfigurationList = 09FE04481B7B3D8E006D2712 /* Build configuration list for PBXNativeTarget "NSDictionaryTest" */;
			buildPhases = (
				09FE043D1B7B3D8E006D2712 /* Sources */,
				09FE043E1B7B3D8E006D2712 /* Frameworks */,
				09FE043F1B7B3D8E006D2712 /* CopyFiles */,
			);
			buildRules = (
			);
			dependencies = (
			);
			name = NSDictionaryTest;
			productName = NSDictionaryTest;
			productReference = 09FE04411B7B3D8E006D2712 /* NSDictionaryTest */;
			productType = "com.apple.product-type.tool";
		};
/* End PBXNativeTarget section */

/* Begin PBXProject section */
		09FE04391B7B3D8E006D2712 /* Project object */ = {
			isa = PBXProject;
			attributes = {
				LastUpgradeCheck = 0640;
				ORGANIZATIONNAME = Dex.XU;
				TargetAttributes = {
					09FE04401B7B3D8E006D2712 = {
						CreatedOnToolsVersion = 6.4;
					};
				};
			};
			buildConfigurationList = 09FE043C1B7B3D8E006D2712 /* Build configuration list for PBXProject "NSDictionaryTest" */;
			compatibilityVersion = "Xcode 3.2";
			developmentRegion = English;
			hasScannedForEncodings = 0;
			knownRegions = (
				en,
			);
			mainGroup = 09FE04381B7B3D8E006D2712;
			productRefGroup = 09FE04421B7B3D8E006D2712 /* Products */;
			projectDirPath = "";
			projectRoot = "";
			targets = (
				09FE04401B7B3D8E006D2712 /* NSDictionaryTest */,
			);
		};
/* End PBXProject section */

/* Begin PBXSourcesBuildPhase section */
		09FE043D1B7B3D8E006D2712 /* Sources */ = {
			isa = PBXSourcesBuildPhase;
			buildActionMask = 2147483647;
			files = (
				09FE044D1B7B3DBC006D2712 /* NSDictionary+print.m in Sources */,
				09FE04501B7B41FD006D2712 /* FKUser.m in Sources */,
				09FE04451B7B3D8E006D2712 /* main.m in Sources */,
			);
			runOnlyForDeploymentPostprocessing = 0;
		};
/* End PBXSourcesBuildPhase section */

/* Begin XCBuildConfiguration section */
		09FE04461B7B3D8E006D2712 /* Debug */ = {
			isa = XCBuildConfiguration;
			buildSettings = {
				ALWAYS_SEARCH_USER_PATHS = NO;
				CLANG_CXX_LANGUAGE_STANDARD = "gnu++0x";
				CLANG_CXX_LIBRARY = "libc++";
				CLANG_ENABLE_MODULES = YES;
				CLANG_ENABLE_OBJC_ARC = YES;
				CLANG_WARN_BOOL_CONVERSION = YES;
				CLANG_WARN_CONSTANT_CONVERSION = YES;
				CLANG_WARN_DIRECT_OBJC_ISA_USAGE = YES_ERROR;
				CLANG_WARN_EMPTY_BODY = YES;
				CLANG_WARN_ENUM_CONVERSION = YES;
				CLANG_WARN_INT_CONVERSION = YES;
				CLANG_WARN_OBJC_ROOT_CLASS = YES_ERROR;
				CLANG_WARN_UNREACHABLE_CODE = YES;
				CLANG_WARN__DUPLICATE_METHOD_MATCH = YES;
				COPY_PHASE_STRIP = NO;
				DEBUG_INFORMATION_FORMAT = dwarf;
				ENABLE_STRICT_OBJC_MSGSEND = YES;
				GCC_C_LANGUAGE_STANDARD = gnu99;
				GCC_DYNAMIC_NO_PIC = NO;
				GCC_NO_COMMON_BLOCKS = YES;
				GCC_OPTIMIZATION_LEVEL = 0;
				GCC_PREPROCESSOR_DEFINITIONS = (
					"DEBUG=1",
					"$(inherited)",
				);
				GCC_SYMBOLS_PRIVATE_EXTERN = NO;
				GCC_WARN_64_TO_32_BIT_CONVERSION = YES;
				GCC_WARN_ABOUT_RETURN_TYPE = YES_ERROR;
				GCC_WARN_UNDECLARED_SELECTOR = YES;
				GCC_WARN_UNINITIALIZED_AUTOS = YES_AGGRESSIVE;
				GCC_WARN_UNUSED_FUNCTION = YES;
				GCC_WARN_UNUSED_VARIABLE = YES;
				MACOSX_DEPLOYMENT_TARGET = 10.10;
				MTL_ENABLE_DEBUG_INFO = YES;
				ONLY_ACTIVE_ARCH = YES;
				SDKROOT = macosx;
			};
			name = Debug;
		};
		09FE04471B7B3D8E006D2712 /* Release */ = {
			isa = XCBuildConfiguration;
			buildSettings = {
				ALWAYS_SEARCH_USER_PATHS = NO;
				CLANG_CXX_LANGUAGE_STANDARD = "gnu++0x";
				CLANG_CXX_LIBRARY = "libc++";
				CLANG_ENABLE_MODULES = YES;
				CLANG_ENABLE_OBJC_ARC = YES;
				CLANG_WARN_BOOL_CONVERSION = YES;
				CLANG_WARN_CONSTANT_CONVERSION = YES;
				CLANG_WARN_DIRECT_OBJC_ISA_USAGE = YES_ERROR;
				CLANG_WARN_EMPTY_BODY = YES;
				CLANG_WARN_ENUM_CONVERSION = YES;
				CLANG_WARN_INT_CONVERSION = YES;
				CLANG_WARN_OBJC_ROOT_CLASS = YES_ERROR;
				CLANG_WARN_UNREACHABLE_CODE = YES;
				CLANG_WARN__DUPLICATE_METHOD_MATCH = YES;
				COPY_PHASE_STRIP = NO;
				DEBUG_INFORMATION_FORMAT = "dwarf-with-dsym";
				ENABLE_NS_ASSERTIONS = NO;
				ENABLE_STRICT_OBJC_MSGSEND = YES;
				GCC_C_LANGUAGE_STANDARD = gnu99;
				GCC_NO_COMMON_BLOCKS = YES;
				GCC_WARN_64_TO_32_BIT_CONVERSION = YES;
				GCC_WARN_ABOUT_RETURN_TYPE = YES_ERROR;
				GCC_WARN_UNDECLARED_SELECTOR = YES;
				GCC_WARN_UNINITIALIZED_AUTOS = YES_AGGRESSIVE;
				GCC_WARN_UNUSED_FUNCTION = YES;
				GCC_WARN_UNUSED_VARIABLE = YES;
				MACOSX_DEPLOYMENT_TARGET = 10.10;
				MTL_ENABLE_DEBUG_INFO = NO;
				SDKROOT = macosx;
			};
			name = Release;
		};
		09FE04491B7B3D8E006D2712 /* Debug */ = {
			isa = XCBuildConfiguration;
			buildSettings = {
				PRODUCT_NAME = "$(TARGET_NAME)";
			};
			name = Debug;
		};
		09FE044A1B7B3D8E006D2712 /* Release */ = {
			isa = XCBuildConfiguration;
			buildSettings = {
				PRODUCT_NAME = "$(TARGET_NAME)";
			};
			name = Release;
		};
/* End XCBuildConfiguration section */

/* Begin XCConfigurationList section */
		09FE043C1B7B3D8E006D2712 /* Build configuration list for PBXProject "NSDictionaryTest" */ = {
			isa = XCConfigurationList;
			buildConfigurations = (
				09FE04461B7B3D8E006D2712 /* Debug */,
				09FE04471B7B3D8E006D2712 /* Release */,
			);
			defaultConfigurationIsVisible = 0;
			defaultConfigurationName = Release;
		};
		09FE04481B7B3D8E006D2712 /* Build configuration list for PBXNativeTarget "NSDictionaryTest" */ = {
			isa = XCConfigurationList;
			buildConfigurations = (
				09FE04491B7B3D8E006D2712 /* Debug */,
				09FE044A1B7B3D8E006D2712 /* Release */,
			);
			defaultConfigurationIsVisible = 0;
		};
/* End XCConfigurationList section */
	};
	rootObject = 09FE04391B7B3D8E006D2712 /* Project object */;
}
