// !$*UTF8*$!
{
	archiveVersion = 1;
	classes = {
	};
	objectVersion = 46;
	objects = {

/* Begin PBXBuildFile section */
		09D45B531B9ECB8A002C8AC3 /* main.m in Sources */ = {isa = PBXBuildFile; fileRef = 09D45B521B9ECB8A002C8AC3 /* main.m */; };
		09D45B561B9ECB8A002C8AC3 /* AppDelegate.m in Sources */ = {isa = PBXBuildFile; fileRef = 09D45B551B9ECB8A002C8AC3 /* AppDelegate.m */; };
		09D45B591B9ECB8A002C8AC3 /* ViewController.m in Sources */ = {isa = PBXBuildFile; fileRef = 09D45B581B9ECB8A002C8AC3 /* ViewController.m */; };
		09D45B5C1B9ECB8A002C8AC3 /* Main.storyboard in Resources */ = {isa = PBXBuildFile; fileRef = 09D45B5A1B9ECB8A002C8AC3 /* Main.storyboard */; };
		09D45B5E1B9ECB8A002C8AC3 /* Images.xcassets in Resources */ = {isa = PBXBuildFile; fileRef = 09D45B5D1B9ECB8A002C8AC3 /* Images.xcassets */; };
		09D45B611B9ECB8A002C8AC3 /* LaunchScreen.xib in Resources */ = {isa = PBXBuildFile; fileRef = 09D45B5F1B9ECB8A002C8AC3 /* LaunchScreen.xib */; };
		09D45B6D1B9ECB8A002C8AC3 /* ScrollView_02____Tests.m in Sources */ = {isa = PBXBuildFile; fileRef = 09D45B6C1B9ECB8A002C8AC3 /* ScrollView_02____Tests.m */; };
		09D45B771B9ECBD4002C8AC3 /* keke01@2x.png in Resources */ = {isa = PBXBuildFile; fileRef = 09D45B761B9ECBD4002C8AC3 /* keke01@2x.png */; };
/* End PBXBuildFile section */

/* Begin PBXContainerItemProxy section */
		09D45B671B9ECB8A002C8AC3 /* PBXContainerItemProxy */ = {
			isa = PBXContainerItemProxy;
			containerPortal = 09D45B451B9ECB8A002C8AC3 /* Project object */;
			proxyType = 1;
			remoteGlobalIDString = 09D45B4C1B9ECB8A002C8AC3;
			remoteInfo = "ScrollView-02分页效果";
		};
/* End PBXContainerItemProxy section */

/* Begin PBXFileReference section */
		09D45B4D1B9ECB8A002C8AC3 /* ScrollView-02分页效果.app */ = {isa = PBXFileReference; explicitFileType = wrapper.application; includeInIndex = 0; path = "ScrollView-02分页效果.app"; sourceTree = BUILT_PRODUCTS_DIR; };
		09D45B511B9ECB8A002C8AC3 /* Info.plist */ = {isa = PBXFileReference; lastKnownFileType = text.plist.xml; path = Info.plist; sourceTree = "<group>"; };
		09D45B521B9ECB8A002C8AC3 /* main.m */ = {isa = PBXFileReference; lastKnownFileType = sourcecode.c.objc; path = main.m; sourceTree = "<group>"; };
		09D45B541B9ECB8A002C8AC3 /* AppDelegate.h */ = {isa = PBXFileReference; lastKnownFileType = sourcecode.c.h; path = AppDelegate.h; sourceTree = "<group>"; };
		09D45B551B9ECB8A002C8AC3 /* AppDelegate.m */ = {isa = PBXFileReference; lastKnownFileType = sourcecode.c.objc; path = AppDelegate.m; sourceTree = "<group>"; };
		09D45B571B9ECB8A002C8AC3 /* ViewController.h */ = {isa = PBXFileReference; lastKnownFileType = sourcecode.c.h; path = ViewController.h; sourceTree = "<group>"; };
		09D45B581B9ECB8A002C8AC3 /* ViewController.m */ = {isa = PBXFileReference; lastKnownFileType = sourcecode.c.objc; path = ViewController.m; sourceTree = "<group>"; };
		09D45B5B1B9ECB8A002C8AC3 /* Base */ = {isa = PBXFileReference; lastKnownFileType = file.storyboard; name = Base; path = Base.lproj/Main.storyboard; sourceTree = "<group>"; };
		09D45B5D1B9ECB8A002C8AC3 /* Images.xcassets */ = {isa = PBXFileReference; lastKnownFileType = folder.assetcatalog; path = Images.xcassets; sourceTree = "<group>"; };
		09D45B601B9ECB8A002C8AC3 /* Base */ = {isa = PBXFileReference; lastKnownFileType = file.xib; name = Base; path = Base.lproj/LaunchScreen.xib; sourceTree = "<group>"; };
		09D45B661B9ECB8A002C8AC3 /* ScrollView-02分页效果Tests.xctest */ = {isa = PBXFileReference; explicitFileType = wrapper.cfbundle; includeInIndex = 0; path = "ScrollView-02分页效果Tests.xctest"; sourceTree = BUILT_PRODUCTS_DIR; };
		09D45B6B1B9ECB8A002C8AC3 /* Info.plist */ = {isa = PBXFileReference; lastKnownFileType = text.plist.xml; path = Info.plist; sourceTree = "<group>"; };
		09D45B6C1B9ECB8A002C8AC3 /* ScrollView_02____Tests.m */ = {isa = PBXFileReference; lastKnownFileType = sourcecode.c.objc; path = "ScrollView_02____Tests.m"; sourceTree = "<group>"; };
		09D45B761B9ECBD4002C8AC3 /* keke01@2x.png */ = {isa = PBXFileReference; lastKnownFileType = image.png; name = "keke01@2x.png"; path = "../../../../../Downloads/视频/视频/iOS开发/0827_UIScrollView：基本属性、缩放、分页/代码/滚动视图使用素材/keke01@2x.png"; sourceTree = "<group>"; };
/* End PBXFileReference section */

/* Begin PBXFrameworksBuildPhase section */
		09D45B4A1B9ECB8A002C8AC3 /* Frameworks */ = {
			isa = PBXFrameworksBuildPhase;
			buildActionMask = 2147483647;
			files = (
			);
			runOnlyForDeploymentPostprocessing = 0;
		};
		09D45B631B9ECB8A002C8AC3 /* Frameworks */ = {
			isa = PBXFrameworksBuildPhase;
			buildActionMask = 2147483647;
			files = (
			);
			runOnlyForDeploymentPostprocessing = 0;
		};
/* End PBXFrameworksBuildPhase section */

/* Begin PBXGroup section */
		09D45B441B9ECB8A002C8AC3 = {
			isa = PBXGroup;
			children = (
				09D45B4F1B9ECB8A002C8AC3 /* ScrollView-02分页效果 */,
				09D45B691B9ECB8A002C8AC3 /* ScrollView-02分页效果Tests */,
				09D45B4E1B9ECB8A002C8AC3 /* Products */,
			);
			sourceTree = "<group>";
		};
		09D45B4E1B9ECB8A002C8AC3 /* Products */ = {
			isa = PBXGroup;
			children = (
				09D45B4D1B9ECB8A002C8AC3 /* ScrollView-02分页效果.app */,
				09D45B661B9ECB8A002C8AC3 /* ScrollView-02分页效果Tests.xctest */,
			);
			name = Products;
			sourceTree = "<group>";
		};
		09D45B4F1B9ECB8A002C8AC3 /* ScrollView-02分页效果 */ = {
			isa = PBXGroup;
			children = (
				09D45B541B9ECB8A002C8AC3 /* AppDelegate.h */,
				09D45B551B9ECB8A002C8AC3 /* AppDelegate.m */,
				09D45B571B9ECB8A002C8AC3 /* ViewController.h */,
				09D45B581B9ECB8A002C8AC3 /* ViewController.m */,
				09D45B5A1B9ECB8A002C8AC3 /* Main.storyboard */,
				09D45B5D1B9ECB8A002C8AC3 /* Images.xcassets */,
				09D45B5F1B9ECB8A002C8AC3 /* LaunchScreen.xib */,
				09D45B501B9ECB8A002C8AC3 /* Supporting Files */,
			);
			path = "ScrollView-02分页效果";
			sourceTree = "<group>";
		};
		09D45B501B9ECB8A002C8AC3 /* Supporting Files */ = {
			isa = PBXGroup;
			children = (
				09D45B761B9ECBD4002C8AC3 /* keke01@2x.png */,
				09D45B511B9ECB8A002C8AC3 /* Info.plist */,
				09D45B521B9ECB8A002C8AC3 /* main.m */,
			);
			name = "Supporting Files";
			sourceTree = "<group>";
		};
		09D45B691B9ECB8A002C8AC3 /* ScrollView-02分页效果Tests */ = {
			isa = PBXGroup;
			children = (
				09D45B6C1B9ECB8A002C8AC3 /* ScrollView_02____Tests.m */,
				09D45B6A1B9ECB8A002C8AC3 /* Supporting Files */,
			);
			path = "ScrollView-02分页效果Tests";
			sourceTree = "<group>";
		};
		09D45B6A1B9ECB8A002C8AC3 /* Supporting Files */ = {
			isa = PBXGroup;
			children = (
				09D45B6B1B9ECB8A002C8AC3 /* Info.plist */,
			);
			name = "Supporting Files";
			sourceTree = "<group>";
		};
/* End PBXGroup section */

/* Begin PBXNativeTarget section */
		09D45B4C1B9ECB8A002C8AC3 /* ScrollView-02分页效果 */ = {
			isa = PBXNativeTarget;
			buildConfigurationList = 09D45B701B9ECB8A002C8AC3 /* Build configuration list for PBXNativeTarget "ScrollView-02分页效果" */;
			buildPhases = (
				09D45B491B9ECB8A002C8AC3 /* Sources */,
				09D45B4A1B9ECB8A002C8AC3 /* Frameworks */,
				09D45B4B1B9ECB8A002C8AC3 /* Resources */,
			);
			buildRules = (
			);
			dependencies = (
			);
			name = "ScrollView-02分页效果";
			productName = "ScrollView-02分页效果";
			productReference = 09D45B4D1B9ECB8A002C8AC3 /* ScrollView-02分页效果.app */;
			productType = "com.apple.product-type.application";
		};
		09D45B651B9ECB8A002C8AC3 /* ScrollView-02分页效果Tests */ = {
			isa = PBXNativeTarget;
			buildConfigurationList = 09D45B731B9ECB8A002C8AC3 /* Build configuration list for PBXNativeTarget "ScrollView-02分页效果Tests" */;
			buildPhases = (
				09D45B621B9ECB8A002C8AC3 /* Sources */,
				09D45B631B9ECB8A002C8AC3 /* Frameworks */,
				09D45B641B9ECB8A002C8AC3 /* Resources */,
			);
			buildRules = (
			);
			dependencies = (
				09D45B681B9ECB8A002C8AC3 /* PBXTargetDependency */,
			);
			name = "ScrollView-02分页效果Tests";
			productName = "ScrollView-02分页效果Tests";
			productReference = 09D45B661B9ECB8A002C8AC3 /* ScrollView-02分页效果Tests.xctest */;
			productType = "com.apple.product-type.bundle.unit-test";
		};
/* End PBXNativeTarget section */

/* Begin PBXProject section */
		09D45B451B9ECB8A002C8AC3 /* Project object */ = {
			isa = PBXProject;
			attributes = {
				LastUpgradeCheck = 0640;
				ORGANIZATIONNAME = Dex.XU;
				TargetAttributes = {
					09D45B4C1B9ECB8A002C8AC3 = {
						CreatedOnToolsVersion = 6.4;
					};
					09D45B651B9ECB8A002C8AC3 = {
						CreatedOnToolsVersion = 6.4;
						TestTargetID = 09D45B4C1B9ECB8A002C8AC3;
					};
				};
			};
			buildConfigurationList = 09D45B481B9ECB8A002C8AC3 /* Build configuration list for PBXProject "ScrollView-02分页效果" */;
			compatibilityVersion = "Xcode 3.2";
			developmentRegion = English;
			hasScannedForEncodings = 0;
			knownRegions = (
				en,
				Base,
			);
			mainGroup = 09D45B441B9ECB8A002C8AC3;
			productRefGroup = 09D45B4E1B9ECB8A002C8AC3 /* Products */;
			projectDirPath = "";
			projectRoot = "";
			targets = (
				09D45B4C1B9ECB8A002C8AC3 /* ScrollView-02分页效果 */,
				09D45B651B9ECB8A002C8AC3 /* ScrollView-02分页效果Tests */,
			);
		};
/* End PBXProject section */

/* Begin PBXResourcesBuildPhase section */
		09D45B4B1B9ECB8A002C8AC3 /* Resources */ = {
			isa = PBXResourcesBuildPhase;
			buildActionMask = 2147483647;
			files = (
				09D45B5C1B9ECB8A002C8AC3 /* Main.storyboard in Resources */,
				09D45B611B9ECB8A002C8AC3 /* LaunchScreen.xib in Resources */,
				09D45B5E1B9ECB8A002C8AC3 /* Images.xcassets in Resources */,
				09D45B771B9ECBD4002C8AC3 /* keke01@2x.png in Resources */,
			);
			runOnlyForDeploymentPostprocessing = 0;
		};
		09D45B641B9ECB8A002C8AC3 /* Resources */ = {
			isa = PBXResourcesBuildPhase;
			buildActionMask = 2147483647;
			files = (
			);
			runOnlyForDeploymentPostprocessing = 0;
		};
/* End PBXResourcesBuildPhase section */

/* Begin PBXSourcesBuildPhase section */
		09D45B491B9ECB8A002C8AC3 /* Sources */ = {
			isa = PBXSourcesBuildPhase;
			buildActionMask = 2147483647;
			files = (
				09D45B591B9ECB8A002C8AC3 /* ViewController.m in Sources */,
				09D45B561B9ECB8A002C8AC3 /* AppDelegate.m in Sources */,
				09D45B531B9ECB8A002C8AC3 /* main.m in Sources */,
			);
			runOnlyForDeploymentPostprocessing = 0;
		};
		09D45B621B9ECB8A002C8AC3 /* Sources */ = {
			isa = PBXSourcesBuildPhase;
			buildActionMask = 2147483647;
			files = (
				09D45B6D1B9ECB8A002C8AC3 /* ScrollView_02____Tests.m in Sources */,
			);
			runOnlyForDeploymentPostprocessing = 0;
		};
/* End PBXSourcesBuildPhase section */

/* Begin PBXTargetDependency section */
		09D45B681B9ECB8A002C8AC3 /* PBXTargetDependency */ = {
			isa = PBXTargetDependency;
			target = 09D45B4C1B9ECB8A002C8AC3 /* ScrollView-02分页效果 */;
			targetProxy = 09D45B671B9ECB8A002C8AC3 /* PBXContainerItemProxy */;
		};
/* End PBXTargetDependency section */

/* Begin PBXVariantGroup section */
		09D45B5A1B9ECB8A002C8AC3 /* Main.storyboard */ = {
			isa = PBXVariantGroup;
			children = (
				09D45B5B1B9ECB8A002C8AC3 /* Base */,
			);
			name = Main.storyboard;
			sourceTree = "<group>";
		};
		09D45B5F1B9ECB8A002C8AC3 /* LaunchScreen.xib */ = {
			isa = PBXVariantGroup;
			children = (
				09D45B601B9ECB8A002C8AC3 /* Base */,
			);
			name = LaunchScreen.xib;
			sourceTree = "<group>";
		};
/* End PBXVariantGroup section */

/* Begin XCBuildConfiguration section */
		09D45B6E1B9ECB8A002C8AC3 /* Debug */ = {
			isa = XCBuildConfiguration;
			buildSettings = {
				ALWAYS_SEARCH_USER_PATHS = NO;
				CLANG_CXX_LANGUAGE_STANDARD = "gnu++0x";
				CLANG_CXX_LIBRARY = "libc++";
				CLANG_ENABLE_MODULES = YES;
				CLANG_ENABLE_OBJC_ARC = YES;
				CLANG_WARN_BOOL_CONVERSION = YES;
				CLANG_WARN_CONSTANT_CONVERSION = YES;
				CLANG_WARN_DIRECT_OBJC_ISA_USAGE = YES_ERROR;
				CLANG_WARN_EMPTY_BODY = YES;
				CLANG_WARN_ENUM_CONVERSION = YES;
				CLANG_WARN_INT_CONVERSION = YES;
				CLANG_WARN_OBJC_ROOT_CLASS = YES_ERROR;
				CLANG_WARN_UNREACHABLE_CODE = YES;
				CLANG_WARN__DUPLICATE_METHOD_MATCH = YES;
				"CODE_SIGN_IDENTITY[sdk=iphoneos*]" = "iPhone Developer";
				COPY_PHASE_STRIP = NO;
				DEBUG_INFORMATION_FORMAT = "dwarf-with-dsym";
				ENABLE_STRICT_OBJC_MSGSEND = YES;
				GCC_C_LANGUAGE_STANDARD = gnu99;
				GCC_DYNAMIC_NO_PIC = NO;
				GCC_NO_COMMON_BLOCKS = YES;
				GCC_OPTIMIZATION_LEVEL = 0;
				GCC_PREPROCESSOR_DEFINITIONS = (
					"DEBUG=1",
					"$(inherited)",
				);
				GCC_SYMBOLS_PRIVATE_EXTERN = NO;
				GCC_WARN_64_TO_32_BIT_CONVERSION = YES;
				GCC_WARN_ABOUT_RETURN_TYPE = YES_ERROR;
				GCC_WARN_UNDECLARED_SELECTOR = YES;
				GCC_WARN_UNINITIALIZED_AUTOS = YES_AGGRESSIVE;
				GCC_WARN_UNUSED_FUNCTION = YES;
				GCC_WARN_UNUSED_VARIABLE = YES;
				IPHONEOS_DEPLOYMENT_TARGET = 8.4;
				MTL_ENABLE_DEBUG_INFO = YES;
				ONLY_ACTIVE_ARCH = YES;
				SDKROOT = iphoneos;
			};
			name = Debug;
		};
		09D45B6F1B9ECB8A002C8AC3 /* Release */ = {
			isa = XCBuildConfiguration;
			buildSettings = {
				ALWAYS_SEARCH_USER_PATHS = NO;
				CLANG_CXX_LANGUAGE_STANDARD = "gnu++0x";
				CLANG_CXX_LIBRARY = "libc++";
				CLANG_ENABLE_MODULES = YES;
				CLANG_ENABLE_OBJC_ARC = YES;
				CLANG_WARN_BOOL_CONVERSION = YES;
				CLANG_WARN_CONSTANT_CONVERSION = YES;
				CLANG_WARN_DIRECT_OBJC_ISA_USAGE = YES_ERROR;
				CLANG_WARN_EMPTY_BODY = YES;
				CLANG_WARN_ENUM_CONVERSION = YES;
				CLANG_WARN_INT_CONVERSION = YES;
				CLANG_WARN_OBJC_ROOT_CLASS = YES_ERROR;
				CLANG_WARN_UNREACHABLE_CODE = YES;
				CLANG_WARN__DUPLICATE_METHOD_MATCH = YES;
				"CODE_SIGN_IDENTITY[sdk=iphoneos*]" = "iPhone Developer";
				COPY_PHASE_STRIP = NO;
				DEBUG_INFORMATION_FORMAT = "dwarf-with-dsym";
				ENABLE_NS_ASSERTIONS = NO;
				ENABLE_STRICT_OBJC_MSGSEND = YES;
				GCC_C_LANGUAGE_STANDARD = gnu99;
				GCC_NO_COMMON_BLOCKS = YES;
				GCC_WARN_64_TO_32_BIT_CONVERSION = YES;
				GCC_WARN_ABOUT_RETURN_TYPE = YES_ERROR;
				GCC_WARN_UNDECLARED_SELECTOR = YES;
				GCC_WARN_UNINITIALIZED_AUTOS = YES_AGGRESSIVE;
				GCC_WARN_UNUSED_FUNCTION = YES;
				GCC_WARN_UNUSED_VARIABLE = YES;
				IPHONEOS_DEPLOYMENT_TARGET = 8.4;
				MTL_ENABLE_DEBUG_INFO = NO;
				SDKROOT = iphoneos;
				VALIDATE_PRODUCT = YES;
			};
			name = Release;
		};
		09D45B711B9ECB8A002C8AC3 /* Debug */ = {
			isa = XCBuildConfiguration;
			buildSettings = {
				ASSETCATALOG_COMPILER_APPICON_NAME = AppIcon;
				INFOPLIST_FILE = "ScrollView-02分页效果/Info.plist";
				LD_RUNPATH_SEARCH_PATHS = "$(inherited) @executable_path/Frameworks";
				PRODUCT_NAME = "$(TARGET_NAME)";
			};
			name = Debug;
		};
		09D45B721B9ECB8A002C8AC3 /* Release */ = {
			isa = XCBuildConfiguration;
			buildSettings = {
				ASSETCATALOG_COMPILER_APPICON_NAME = AppIcon;
				INFOPLIST_FILE = "ScrollView-02分页效果/Info.plist";
				LD_RUNPATH_SEARCH_PATHS = "$(inherited) @executable_path/Frameworks";
				PRODUCT_NAME = "$(TARGET_NAME)";
			};
			name = Release;
		};
		09D45B741B9ECB8A002C8AC3 /* Debug */ = {
			isa = XCBuildConfiguration;
			buildSettings = {
				BUNDLE_LOADER = "$(TEST_HOST)";
				FRAMEWORK_SEARCH_PATHS = (
					"$(SDKROOT)/Developer/Library/Frameworks",
					"$(inherited)",
				);
				GCC_PREPROCESSOR_DEFINITIONS = (
					"DEBUG=1",
					"$(inherited)",
				);
				INFOPLIST_FILE = "ScrollView-02分页效果Tests/Info.plist";
				LD_RUNPATH_SEARCH_PATHS = "$(inherited) @executable_path/Frameworks @loader_path/Frameworks";
				PRODUCT_NAME = "$(TARGET_NAME)";
				TEST_HOST = "$(BUILT_PRODUCTS_DIR)/ScrollView-02分页效果.app/ScrollView-02分页效果";
			};
			name = Debug;
		};
		09D45B751B9ECB8A002C8AC3 /* Release */ = {
			isa = XCBuildConfiguration;
			buildSettings = {
				BUNDLE_LOADER = "$(TEST_HOST)";
				FRAMEWORK_SEARCH_PATHS = (
					"$(SDKROOT)/Developer/Library/Frameworks",
					"$(inherited)",
				);
				INFOPLIST_FILE = "ScrollView-02分页效果Tests/Info.plist";
				LD_RUNPATH_SEARCH_PATHS = "$(inherited) @executable_path/Frameworks @loader_path/Frameworks";
				PRODUCT_NAME = "$(TARGET_NAME)";
				TEST_HOST = "$(BUILT_PRODUCTS_DIR)/ScrollView-02分页效果.app/ScrollView-02分页效果";
			};
			name = Release;
		};
/* End XCBuildConfiguration section */

/* Begin XCConfigurationList section */
		09D45B481B9ECB8A002C8AC3 /* Build configuration list for PBXProject "ScrollView-02分页效果" */ = {
			isa = XCConfigurationList;
			buildConfigurations = (
				09D45B6E1B9ECB8A002C8AC3 /* Debug */,
				09D45B6F1B9ECB8A002C8AC3 /* Release */,
			);
			defaultConfigurationIsVisible = 0;
			defaultConfigurationName = Release;
		};
		09D45B701B9ECB8A002C8AC3 /* Build configuration list for PBXNativeTarget "ScrollView-02分页效果" */ = {
			isa = XCConfigurationList;
			buildConfigurations = (
				09D45B711B9ECB8A002C8AC3 /* Debug */,
				09D45B721B9ECB8A002C8AC3 /* Release */,
			);
			defaultConfigurationIsVisible = 0;
		};
		09D45B731B9ECB8A002C8AC3 /* Build configuration list for PBXNativeTarget "ScrollView-02分页效果Tests" */ = {
			isa = XCConfigurationList;
			buildConfigurations = (
				09D45B741B9ECB8A002C8AC3 /* Debug */,
				09D45B751B9ECB8A002C8AC3 /* Release */,
			);
			defaultConfigurationIsVisible = 0;
		};
/* End XCConfigurationList section */
	};
	rootObject = 09D45B451B9ECB8A002C8AC3 /* Project object */;
}
