// !$*UTF8*$!
{
	archiveVersion = 1;
	classes = {
	};
	objectVersion = 46;
	objects = {

/* Begin PBXBuildFile section */
		096765BA1B5E2D6800D1C82E /* main.m in Sources */ = {isa = PBXBuildFile; fileRef = 096765B91B5E2D6800D1C82E /* main.m */; };
		096765C21B5E2E7900D1C82E /* FKCar.m in Sources */ = {isa = PBXBuildFile; fileRef = 096765C11B5E2E7900D1C82E /* FKCar.m */; };
/* End PBXBuildFile section */

/* Begin PBXCopyFilesBuildPhase section */
		096765B41B5E2D6800D1C82E /* CopyFiles */ = {
			isa = PBXCopyFilesBuildPhase;
			buildActionMask = 2147483647;
			dstPath = /usr/share/man/man1/;
			dstSubfolderSpec = 0;
			files = (
			);
			runOnlyForDeploymentPostprocessing = 1;
		};
/* End PBXCopyFilesBuildPhase section */

/* Begin PBXFileReference section */
		096765B61B5E2D6800D1C82E /* FKCar3 */ = {isa = PBXFileReference; explicitFileType = "compiled.mach-o.executable"; includeInIndex = 0; path = FKCar3; sourceTree = BUILT_PRODUCTS_DIR; };
		096765B91B5E2D6800D1C82E /* main.m */ = {isa = PBXFileReference; lastKnownFileType = sourcecode.c.objc; path = main.m; sourceTree = "<group>"; };
		096765C01B5E2E7900D1C82E /* FKCar.h */ = {isa = PBXFileReference; fileEncoding = 4; lastKnownFileType = sourcecode.c.h; path = FKCar.h; sourceTree = "<group>"; };
		096765C11B5E2E7900D1C82E /* FKCar.m */ = {isa = PBXFileReference; fileEncoding = 4; lastKnownFileType = sourcecode.c.objc; path = FKCar.m; sourceTree = "<group>"; };
/* End PBXFileReference section */

/* Begin PBXFrameworksBuildPhase section */
		096765B31B5E2D6800D1C82E /* Frameworks */ = {
			isa = PBXFrameworksBuildPhase;
			buildActionMask = 2147483647;
			files = (
			);
			runOnlyForDeploymentPostprocessing = 0;
		};
/* End PBXFrameworksBuildPhase section */

/* Begin PBXGroup section */
		096765AD1B5E2D6800D1C82E = {
			isa = PBXGroup;
			children = (
				096765B81B5E2D6800D1C82E /* FKCar3 */,
				096765B71B5E2D6800D1C82E /* Products */,
			);
			sourceTree = "<group>";
		};
		096765B71B5E2D6800D1C82E /* Products */ = {
			isa = PBXGroup;
			children = (
				096765B61B5E2D6800D1C82E /* FKCar3 */,
			);
			name = Products;
			sourceTree = "<group>";
		};
		096765B81B5E2D6800D1C82E /* FKCar3 */ = {
			isa = PBXGroup;
			children = (
				096765B91B5E2D6800D1C82E /* main.m */,
				096765C01B5E2E7900D1C82E /* FKCar.h */,
				096765C11B5E2E7900D1C82E /* FKCar.m */,
			);
			path = FKCar3;
			sourceTree = "<group>";
		};
/* End PBXGroup section */

/* Begin PBXNativeTarget section */
		096765B51B5E2D6800D1C82E /* FKCar3 */ = {
			isa = PBXNativeTarget;
			buildConfigurationList = 096765BD1B5E2D6800D1C82E /* Build configuration list for PBXNativeTarget "FKCar3" */;
			buildPhases = (
				096765B21B5E2D6800D1C82E /* Sources */,
				096765B31B5E2D6800D1C82E /* Frameworks */,
				096765B41B5E2D6800D1C82E /* CopyFiles */,
			);
			buildRules = (
			);
			dependencies = (
			);
			name = FKCar3;
			productName = FKCar3;
			productReference = 096765B61B5E2D6800D1C82E /* FKCar3 */;
			productType = "com.apple.product-type.tool";
		};
/* End PBXNativeTarget section */

/* Begin PBXProject section */
		096765AE1B5E2D6800D1C82E /* Project object */ = {
			isa = PBXProject;
			attributes = {
				LastUpgradeCheck = 0640;
				ORGANIZATIONNAME = Dex.XU;
				TargetAttributes = {
					096765B51B5E2D6800D1C82E = {
						CreatedOnToolsVersion = 6.4;
					};
				};
			};
			buildConfigurationList = 096765B11B5E2D6800D1C82E /* Build configuration list for PBXProject "FKCar3" */;
			compatibilityVersion = "Xcode 3.2";
			developmentRegion = English;
			hasScannedForEncodings = 0;
			knownRegions = (
				en,
			);
			mainGroup = 096765AD1B5E2D6800D1C82E;
			productRefGroup = 096765B71B5E2D6800D1C82E /* Products */;
			projectDirPath = "";
			projectRoot = "";
			targets = (
				096765B51B5E2D6800D1C82E /* FKCar3 */,
			);
		};
/* End PBXProject section */

/* Begin PBXSourcesBuildPhase section */
		096765B21B5E2D6800D1C82E /* Sources */ = {
			isa = PBXSourcesBuildPhase;
			buildActionMask = 2147483647;
			files = (
				096765BA1B5E2D6800D1C82E /* main.m in Sources */,
				096765C21B5E2E7900D1C82E /* FKCar.m in Sources */,
			);
			runOnlyForDeploymentPostprocessing = 0;
		};
/* End PBXSourcesBuildPhase section */

/* Begin XCBuildConfiguration section */
		096765BB1B5E2D6800D1C82E /* Debug */ = {
			isa = XCBuildConfiguration;
			buildSettings = {
				ALWAYS_SEARCH_USER_PATHS = NO;
				CLANG_CXX_LANGUAGE_STANDARD = "gnu++0x";
				CLANG_CXX_LIBRARY = "libc++";
				CLANG_ENABLE_MODULES = YES;
				CLANG_ENABLE_OBJC_ARC = YES;
				CLANG_WARN_BOOL_CONVERSION = YES;
				CLANG_WARN_CONSTANT_CONVERSION = YES;
				CLANG_WARN_DIRECT_OBJC_ISA_USAGE = YES_ERROR;
				CLANG_WARN_EMPTY_BODY = YES;
				CLANG_WARN_ENUM_CONVERSION = YES;
				CLANG_WARN_INT_CONVERSION = YES;
				CLANG_WARN_OBJC_ROOT_CLASS = YES_ERROR;
				CLANG_WARN_UNREACHABLE_CODE = YES;
				CLANG_WARN__DUPLICATE_METHOD_MATCH = YES;
				COPY_PHASE_STRIP = NO;
				DEBUG_INFORMATION_FORMAT = dwarf;
				ENABLE_STRICT_OBJC_MSGSEND = YES;
				GCC_C_LANGUAGE_STANDARD = gnu99;
				GCC_DYNAMIC_NO_PIC = NO;
				GCC_NO_COMMON_BLOCKS = YES;
				GCC_OPTIMIZATION_LEVEL = 0;
				GCC_PREPROCESSOR_DEFINITIONS = (
					"DEBUG=1",
					"$(inherited)",
				);
				GCC_SYMBOLS_PRIVATE_EXTERN = NO;
				GCC_WARN_64_TO_32_BIT_CONVERSION = YES;
				GCC_WARN_ABOUT_RETURN_TYPE = YES_ERROR;
				GCC_WARN_UNDECLARED_SELECTOR = YES;
				GCC_WARN_UNINITIALIZED_AUTOS = YES_AGGRESSIVE;
				GCC_WARN_UNUSED_FUNCTION = YES;
				GCC_WARN_UNUSED_VARIABLE = YES;
				MACOSX_DEPLOYMENT_TARGET = 10.10;
				MTL_ENABLE_DEBUG_INFO = YES;
				ONLY_ACTIVE_ARCH = YES;
				SDKROOT = macosx;
			};
			name = Debug;
		};
		096765BC1B5E2D6800D1C82E /* Release */ = {
			isa = XCBuildConfiguration;
			buildSettings = {
				ALWAYS_SEARCH_USER_PATHS = NO;
				CLANG_CXX_LANGUAGE_STANDARD = "gnu++0x";
				CLANG_CXX_LIBRARY = "libc++";
				CLANG_ENABLE_MODULES = YES;
				CLANG_ENABLE_OBJC_ARC = YES;
				CLANG_WARN_BOOL_CONVERSION = YES;
				CLANG_WARN_CONSTANT_CONVERSION = YES;
				CLANG_WARN_DIRECT_OBJC_ISA_USAGE = YES_ERROR;
				CLANG_WARN_EMPTY_BODY = YES;
				CLANG_WARN_ENUM_CONVERSION = YES;
				CLANG_WARN_INT_CONVERSION = YES;
				CLANG_WARN_OBJC_ROOT_CLASS = YES_ERROR;
				CLANG_WARN_UNREACHABLE_CODE = YES;
				CLANG_WARN__DUPLICATE_METHOD_MATCH = YES;
				COPY_PHASE_STRIP = NO;
				DEBUG_INFORMATION_FORMAT = "dwarf-with-dsym";
				ENABLE_NS_ASSERTIONS = NO;
				ENABLE_STRICT_OBJC_MSGSEND = YES;
				GCC_C_LANGUAGE_STANDARD = gnu99;
				GCC_NO_COMMON_BLOCKS = YES;
				GCC_WARN_64_TO_32_BIT_CONVERSION = YES;
				GCC_WARN_ABOUT_RETURN_TYPE = YES_ERROR;
				GCC_WARN_UNDECLARED_SELECTOR = YES;
				GCC_WARN_UNINITIALIZED_AUTOS = YES_AGGRESSIVE;
				GCC_WARN_UNUSED_FUNCTION = YES;
				GCC_WARN_UNUSED_VARIABLE = YES;
				MACOSX_DEPLOYMENT_TARGET = 10.10;
				MTL_ENABLE_DEBUG_INFO = NO;
				SDKROOT = macosx;
			};
			name = Release;
		};
		096765BE1B5E2D6800D1C82E /* Debug */ = {
			isa = XCBuildConfiguration;
			buildSettings = {
				PRODUCT_NAME = "$(TARGET_NAME)";
			};
			name = Debug;
		};
		096765BF1B5E2D6800D1C82E /* Release */ = {
			isa = XCBuildConfiguration;
			buildSettings = {
				PRODUCT_NAME = "$(TARGET_NAME)";
			};
			name = Release;
		};
/* End XCBuildConfiguration section */

/* Begin XCConfigurationList section */
		096765B11B5E2D6800D1C82E /* Build configuration list for PBXProject "FKCar3" */ = {
			isa = XCConfigurationList;
			buildConfigurations = (
				096765BB1B5E2D6800D1C82E /* Debug */,
				096765BC1B5E2D6800D1C82E /* Release */,
			);
			defaultConfigurationIsVisible = 0;
			defaultConfigurationName = Release;
		};
		096765BD1B5E2D6800D1C82E /* Build configuration list for PBXNativeTarget "FKCar3" */ = {
			isa = XCConfigurationList;
			buildConfigurations = (
				096765BE1B5E2D6800D1C82E /* Debug */,
				096765BF1B5E2D6800D1C82E /* Release */,
			);
			defaultConfigurationIsVisible = 0;
		};
/* End XCConfigurationList section */
	};
	rootObject = 096765AE1B5E2D6800D1C82E /* Project object */;
}
